// !$*UTF8*$!
{
	archiveVersion = 1;
	classes = {
	};
	objectVersion = 77;
	objects = {

/* Begin PBXBuildFile section */
		986A78782F96E9F300EAEBEC /* AppDelegate.swift in Sources */ = {isa = PBXBuildFile; fileRef = 986A78512F96E98800EAEBEC /* AppDelegate.swift */; };
		986A78792F96E9F700EAEBEC /* MainTabBarController.swift in Sources */ = {isa = PBXBuildFile; fileRef = 986A78522F96E98800EAEBEC /* MainTabBarController.swift */; };
		986A787A2F96E9FA00EAEBEC /* MTGCard.swift in Sources */ = {isa = PBXBuildFile; fileRef = 986A78542F96E98800EAEBEC /* MTGCard.swift */; };
		986A787B2F96E9FD00EAEBEC /* CardDetailViewController.swift in Sources */ = {isa = PBXBuildFile; fileRef = 986A78562F96E98800EAEBEC /* CardDetailViewController.swift */; };
		986A787C2F96EA0300EAEBEC /* CollectionViewController.swift in Sources */ = {isa = PBXBuildFile; fileRef = 986A78582F96E98800EAEBEC /* CollectionViewController.swift */; };
		986A787D2F96EA1600EAEBEC /* HomeViewController.swift in Sources */ = {isa = PBXBuildFile; fileRef = 986A785A2F96E98800EAEBEC /* HomeViewController.swift */; };
		986A787E2F96EA1D00EAEBEC /* MenuViewController.swift in Sources */ = {isa = PBXBuildFile; fileRef = 986A785C2F96E98800EAEBEC /* MenuViewController.swift */; };
		986A787F2F96EA1D00EAEBEC /* ScannerViewController.swift in Sources */ = {isa = PBXBuildFile; fileRef = 986A785E2F96E98800EAEBEC /* ScannerViewController.swift */; };
		986A78802F96EA1D00EAEBEC /* SearchViewController.swift in Sources */ = {isa = PBXBuildFile; fileRef = 986A78602F96E98800EAEBEC /* SearchViewController.swift */; };
		986A78812F96EA1D00EAEBEC /* SessionViewController.swift in Sources */ = {isa = PBXBuildFile; fileRef = 986A78622F96E98800EAEBEC /* SessionViewController.swift */; };
		986A78822F96EA1D00EAEBEC /* CollectionStore.swift in Sources */ = {isa = PBXBuildFile; fileRef = 986A78652F96E98800EAEBEC /* CollectionStore.swift */; };
		986A78832F96EA1D00EAEBEC /* CSVService.swift in Sources */ = {isa = PBXBuildFile; fileRef = 986A78662F96E98800EAEBEC /* CSVService.swift */; };
		986A78842F96EA1D00EAEBEC /* SessionStore.swift in Sources */ = {isa = PBXBuildFile; fileRef = 986A78672F96E98800EAEBEC /* SessionStore.swift */; };
		986A78AD2F96EBD900EAEBEC /* ScannerViewModel.swift in Sources */ = {isa = PBXBuildFile; fileRef = 986A78AC2F96EBD900EAEBEC /* ScannerViewModel.swift */; };
		986A78AF2F96EBEA00EAEBEC /* ScannerOverlayView.swift in Sources */ = {isa = PBXBuildFile; fileRef = 986A78AE2F96EBEA00EAEBEC /* ScannerOverlayView.swift */; };
		986A78B12F96EBFD00EAEBEC /* CameraService.swift in Sources */ = {isa = PBXBuildFile; fileRef = 986A78B02F96EBFD00EAEBEC /* CameraService.swift */; };
		986A78B32F96EC1400EAEBEC /* OCRService.swift in Sources */ = {isa = PBXBuildFile; fileRef = 986A78B22F96EC1400EAEBEC /* OCRService.swift */; };
		986A78B52F96EC2300EAEBEC /* ScryfallService.swift in Sources */ = {isa = PBXBuildFile; fileRef = 986A78B42F96EC2300EAEBEC /* ScryfallService.swift */; };
		9875E0DA2F96FB0F002929D0 /* SceneDelegate.swift in Sources */ = {isa = PBXBuildFile; fileRef = 9875E0D92F96FB0F002929D0 /* SceneDelegate.swift */; };
		98CB316D2FD1875B0029CA7F /* SettingsViewController.swift in Sources */ = {isa = PBXBuildFile; fileRef = 98CB316C2FD1875B0029CA7F /* SettingsViewController.swift */; };
		98CB31702FD1E7D40029CA7F /* CardSearchViewModel.swift in Sources */ = {isa = PBXBuildFile; fileRef = 98CB316F2FD1E7D40029CA7F /* CardSearchViewModel.swift */; };
		98CB31722FD1E8740029CA7F /* CardSearchCell.swift in Sources */ = {isa = PBXBuildFile; fileRef = 98CB31712FD1E8740029CA7F /* CardSearchCell.swift */; };
		98CB31762FD45F120029CA7F /* SearchFilter.swift in Sources */ = {isa = PBXBuildFile; fileRef = 98CB31752FD45F120029CA7F /* SearchFilter.swift */; };
		98CB31782FD45F4C0029CA7F /* CardFilterViewController.swift in Sources */ = {isa = PBXBuildFile; fileRef = 98CB31772FD45F4C0029CA7F /* CardFilterViewController.swift */; };
		98CB317C2FD78E460029CA7F /* CardDetailPrintingCell.swift in Sources */ = {isa = PBXBuildFile; fileRef = 98CB317B2FD78E460029CA7F /* CardDetailPrintingCell.swift */; };
		98CB31832FDA04B60029CA7F /* SplashViewController.swift in Sources */ = {isa = PBXBuildFile; fileRef = 98CB31822FDA04B60029CA7F /* SplashViewController.swift */; };
		98CB31872FDC47190029CA7F /* FilterManaCostRowCell.swift in Sources */ = {isa = PBXBuildFile; fileRef = 98CB31862FDC47190029CA7F /* FilterManaCostRowCell.swift */; };
		98CB318A2FDC5A6E0029CA7F /* FilterColorCell.swift in Sources */ = {isa = PBXBuildFile; fileRef = 98CB31892FDC5A6E0029CA7F /* FilterColorCell.swift */; };
		98CB318C2FDC5E0C0029CA7F /* FilterColorModeCell.swift in Sources */ = {isa = PBXBuildFile; fileRef = 98CB318B2FDC5E0C0029CA7F /* FilterColorModeCell.swift */; };
		98CB31902FE171F40029CA7F /* VisionFeaturePrintService.swift in Sources */ = {isa = PBXBuildFile; fileRef = 98CB318F2FE171F40029CA7F /* VisionFeaturePrintService.swift */; };
		98CB319A2FE311680029CA7F /* CardRectangularDetector.swift in Sources */ = {isa = PBXBuildFile; fileRef = 98CB31992FE311680029CA7F /* CardRectangularDetector.swift */; };
		98CB319C2FE311740029CA7F /* CardCaptureService.swift in Sources */ = {isa = PBXBuildFile; fileRef = 98CB319B2FE311740029CA7F /* CardCaptureService.swift */; };
		98CB319E2FE311820029CA7F /* CardNameRecognizer.swift in Sources */ = {isa = PBXBuildFile; fileRef = 98CB319D2FE311820029CA7F /* CardNameRecognizer.swift */; };
		98CB31B72FE460BB0029CA7F /* PrintingSelectionOverlayView.swift in Sources */ = {isa = PBXBuildFile; fileRef = 98CB31B62FE460BB0029CA7F /* PrintingSelectionOverlayView.swift */; };
		98CB31B92FE463380029CA7F /* AddCardOverlayView.swift in Sources */ = {isa = PBXBuildFile; fileRef = 98CB31B82FE463380029CA7F /* AddCardOverlayView.swift */; };
		98CB31BB2FE5F8980029CA7F /* MTGCard+Legalities.swift in Sources */ = {isa = PBXBuildFile; fileRef = 98CB31BA2FE5F8980029CA7F /* MTGCard+Legalities.swift */; };
		98CB31BD2FE5F8A00029CA7F /* CollectionEntry.swift in Sources */ = {isa = PBXBuildFile; fileRef = 98CB31BC2FE5F8A00029CA7F /* CollectionEntry.swift */; };
		98CB31BF2FE5F8A80029CA7F /* SessionEntry.swift in Sources */ = {isa = PBXBuildFile; fileRef = 98CB31BE2FE5F8A80029CA7F /* SessionEntry.swift */; };
		98CB31C12FE5F8AF0029CA7F /* CardCondition.swift in Sources */ = {isa = PBXBuildFile; fileRef = 98CB31C02FE5F8AF0029CA7F /* CardCondition.swift */; };
		98CB31C32FE5F91A0029CA7F /* SettingsCell.swift in Sources */ = {isa = PBXBuildFile; fileRef = 98CB31C22FE5F91A0029CA7F /* SettingsCell.swift */; };
		98CB31C52FE5F93C0029CA7F /* BulkDataCell.swift in Sources */ = {isa = PBXBuildFile; fileRef = 98CB31C42FE5F93C0029CA7F /* BulkDataCell.swift */; };
		98CB31C72FE5F95E0029CA7F /* SettingsOptionsCell.swift in Sources */ = {isa = PBXBuildFile; fileRef = 98CB31C62FE5F95E0029CA7F /* SettingsOptionsCell.swift */; };
		98CB31C92FE6ACE50029CA7F /* RecentlyViewedStore.swift in Sources */ = {isa = PBXBuildFile; fileRef = 98CB31C82FE6ACE50029CA7F /* RecentlyViewedStore.swift */; };
		98CB31CB2FE6ADC20029CA7F /* RecentCardCell.swift in Sources */ = {isa = PBXBuildFile; fileRef = 98CB31CA2FE6ADC20029CA7F /* RecentCardCell.swift */; };
		98CB31CD2FE6AEA00029CA7F /* RecentCard.swift in Sources */ = {isa = PBXBuildFile; fileRef = 98CB31CC2FE6AEA00029CA7F /* RecentCard.swift */; };
		98EEA85F2FA54A4800EFA5F8 /* ScryfallBulkService.swift in Sources */ = {isa = PBXBuildFile; fileRef = 98EEA85E2FA54A4800EFA5F8 /* ScryfallBulkService.swift */; };
		98EEA8662FA97E0B00EFA5F8 /* StreamingJSONParser.swift in Sources */ = {isa = PBXBuildFile; fileRef = 98EEA8652FA97E0B00EFA5F8 /* StreamingJSONParser.swift */; };
/* End PBXBuildFile section */

/* Begin PBXFileReference section */
		986A78512F96E98800EAEBEC /* AppDelegate.swift */ = {isa = PBXFileReference; lastKnownFileType = sourcecode.swift; path = AppDelegate.swift; sourceTree = "<group>"; };
		986A78522F96E98800EAEBEC /* MainTabBarController.swift */ = {isa = PBXFileReference; lastKnownFileType = sourcecode.swift; path = MainTabBarController.swift; sourceTree = "<group>"; };
		986A78542F96E98800EAEBEC /* MTGCard.swift */ = {isa = PBXFileReference; lastKnownFileType = sourcecode.swift; path = MTGCard.swift; sourceTree = "<group>"; };
		986A78562F96E98800EAEBEC /* CardDetailViewController.swift */ = {isa = PBXFileReference; lastKnownFileType = sourcecode.swift; path = CardDetailViewController.swift; sourceTree = "<group>"; };
		986A78582F96E98800EAEBEC /* CollectionViewController.swift */ = {isa = PBXFileReference; lastKnownFileType = sourcecode.swift; path = CollectionViewController.swift; sourceTree = "<group>"; };
		986A785A2F96E98800EAEBEC /* HomeViewController.swift */ = {isa = PBXFileReference; lastKnownFileType = sourcecode.swift; path = HomeViewController.swift; sourceTree = "<group>"; };
		986A785C2F96E98800EAEBEC /* MenuViewController.swift */ = {isa = PBXFileReference; lastKnownFileType = sourcecode.swift; path = MenuViewController.swift; sourceTree = "<group>"; };
		986A785E2F96E98800EAEBEC /* ScannerViewController.swift */ = {isa = PBXFileReference; lastKnownFileType = sourcecode.swift; path = ScannerViewController.swift; sourceTree = "<group>"; };
		986A78602F96E98800EAEBEC /* SearchViewController.swift */ = {isa = PBXFileReference; lastKnownFileType = sourcecode.swift; path = SearchViewController.swift; sourceTree = "<group>"; };
		986A78622F96E98800EAEBEC /* SessionViewController.swift */ = {isa = PBXFileReference; lastKnownFileType = sourcecode.swift; path = SessionViewController.swift; sourceTree = "<group>"; };
		986A78652F96E98800EAEBEC /* CollectionStore.swift */ = {isa = PBXFileReference; lastKnownFileType = sourcecode.swift; path = CollectionStore.swift; sourceTree = "<group>"; };
		986A78662F96E98800EAEBEC /* CSVService.swift */ = {isa = PBXFileReference; lastKnownFileType = sourcecode.swift; path = CSVService.swift; sourceTree = "<group>"; };
		986A78672F96E98800EAEBEC /* SessionStore.swift */ = {isa = PBXFileReference; lastKnownFileType = sourcecode.swift; path = SessionStore.swift; sourceTree = "<group>"; };
		986A78AC2F96EBD900EAEBEC /* ScannerViewModel.swift */ = {isa = PBXFileReference; lastKnownFileType = sourcecode.swift; path = ScannerViewModel.swift; sourceTree = "<group>"; };
		986A78AE2F96EBEA00EAEBEC /* ScannerOverlayView.swift */ = {isa = PBXFileReference; lastKnownFileType = sourcecode.swift; path = ScannerOverlayView.swift; sourceTree = "<group>"; };
		986A78B02F96EBFD00EAEBEC /* CameraService.swift */ = {isa = PBXFileReference; lastKnownFileType = sourcecode.swift; path = CameraService.swift; sourceTree = "<group>"; };
		986A78B22F96EC1400EAEBEC /* OCRService.swift */ = {isa = PBXFileReference; lastKnownFileType = sourcecode.swift; path = OCRService.swift; sourceTree = "<group>"; };
		986A78B42F96EC2300EAEBEC /* ScryfallService.swift */ = {isa = PBXFileReference; lastKnownFileType = sourcecode.swift; path = ScryfallService.swift; sourceTree = "<group>"; };
		986A78BA2F96EC5F00EAEBEC /* LaunchScreen.storyboard */ = {isa = PBXFileReference; lastKnownFileType = file.storyboard; name = LaunchScreen.storyboard; path = Base.lproj/LaunchScreen.storyboard; sourceTree = "<group>"; };
		9875E0D92F96FB0F002929D0 /* SceneDelegate.swift */ = {isa = PBXFileReference; lastKnownFileType = sourcecode.swift; path = SceneDelegate.swift; sourceTree = "<group>"; };
		9875E0DB2F96FC62002929D0 /* TcgScanner.app */ = {isa = PBXFileReference; explicitFileType = wrapper.application; includeInIndex = 0; path = TcgScanner.app; sourceTree = BUILT_PRODUCTS_DIR; };
		98CB316C2FD1875B0029CA7F /* SettingsViewController.swift */ = {isa = PBXFileReference; lastKnownFileType = sourcecode.swift; path = SettingsViewController.swift; sourceTree = "<group>"; };
		98CB316F2FD1E7D40029CA7F /* CardSearchViewModel.swift */ = {isa = PBXFileReference; lastKnownFileType = sourcecode.swift; path = CardSearchViewModel.swift; sourceTree = "<group>"; };
		98CB31712FD1E8740029CA7F /* CardSearchCell.swift */ = {isa = PBXFileReference; lastKnownFileType = sourcecode.swift; path = CardSearchCell.swift; sourceTree = "<group>"; };
		98CB31752FD45F120029CA7F /* SearchFilter.swift */ = {isa = PBXFileReference; lastKnownFileType = sourcecode.swift; path = SearchFilter.swift; sourceTree = "<group>"; };
		98CB31772FD45F4C0029CA7F /* CardFilterViewController.swift */ = {isa = PBXFileReference; lastKnownFileType = sourcecode.swift; path = CardFilterViewController.swift; sourceTree = "<group>"; };
		98CB317B2FD78E460029CA7F /* CardDetailPrintingCell.swift */ = {isa = PBXFileReference; lastKnownFileType = sourcecode.swift; path = CardDetailPrintingCell.swift; sourceTree = "<group>"; };
		98CB31822FDA04B60029CA7F /* SplashViewController.swift */ = {isa = PBXFileReference; lastKnownFileType = sourcecode.swift; path = SplashViewController.swift; sourceTree = "<group>"; };
		98CB31862FDC47190029CA7F /* FilterManaCostRowCell.swift */ = {isa = PBXFileReference; lastKnownFileType = sourcecode.swift; path = FilterManaCostRowCell.swift; sourceTree = "<group>"; };
		98CB31892FDC5A6E0029CA7F /* FilterColorCell.swift */ = {isa = PBXFileReference; lastKnownFileType = sourcecode.swift; path = FilterColorCell.swift; sourceTree = "<group>"; };
		98CB318B2FDC5E0C0029CA7F /* FilterColorModeCell.swift */ = {isa = PBXFileReference; lastKnownFileType = sourcecode.swift; path = FilterColorModeCell.swift; sourceTree = "<group>"; };
		98CB318F2FE171F40029CA7F /* VisionFeaturePrintService.swift */ = {isa = PBXFileReference; lastKnownFileType = sourcecode.swift; path = VisionFeaturePrintService.swift; sourceTree = "<group>"; };
		98CB31992FE311680029CA7F /* CardRectangularDetector.swift */ = {isa = PBXFileReference; lastKnownFileType = sourcecode.swift; path = CardRectangularDetector.swift; sourceTree = "<group>"; };
		98CB319B2FE311740029CA7F /* CardCaptureService.swift */ = {isa = PBXFileReference; lastKnownFileType = sourcecode.swift; path = CardCaptureService.swift; sourceTree = "<group>"; };
		98CB319D2FE311820029CA7F /* CardNameRecognizer.swift */ = {isa = PBXFileReference; lastKnownFileType = sourcecode.swift; path = CardNameRecognizer.swift; sourceTree = "<group>"; };
		98CB31B62FE460BB0029CA7F /* PrintingSelectionOverlayView.swift */ = {isa = PBXFileReference; lastKnownFileType = sourcecode.swift; path = PrintingSelectionOverlayView.swift; sourceTree = "<group>"; };
		98CB31B82FE463380029CA7F /* AddCardOverlayView.swift */ = {isa = PBXFileReference; lastKnownFileType = sourcecode.swift; path = AddCardOverlayView.swift; sourceTree = "<group>"; };
		98CB31BA2FE5F8980029CA7F /* MTGCard+Legalities.swift */ = {isa = PBXFileReference; lastKnownFileType = sourcecode.swift; path = "MTGCard+Legalities.swift"; sourceTree = "<group>"; };
		98CB31BC2FE5F8A00029CA7F /* CollectionEntry.swift */ = {isa = PBXFileReference; lastKnownFileType = sourcecode.swift; path = CollectionEntry.swift; sourceTree = "<group>"; };
		98CB31BE2FE5F8A80029CA7F /* SessionEntry.swift */ = {isa = PBXFileReference; lastKnownFileType = sourcecode.swift; path = SessionEntry.swift; sourceTree = "<group>"; };
		98CB31C02FE5F8AF0029CA7F /* CardCondition.swift */ = {isa = PBXFileReference; lastKnownFileType = sourcecode.swift; path = CardCondition.swift; sourceTree = "<group>"; };
		98CB31C22FE5F91A0029CA7F /* SettingsCell.swift */ = {isa = PBXFileReference; lastKnownFileType = sourcecode.swift; path = SettingsCell.swift; sourceTree = "<group>"; };
		98CB31C42FE5F93C0029CA7F /* BulkDataCell.swift */ = {isa = PBXFileReference; lastKnownFileType = sourcecode.swift; path = BulkDataCell.swift; sourceTree = "<group>"; };
		98CB31C62FE5F95E0029CA7F /* SettingsOptionsCell.swift */ = {isa = PBXFileReference; lastKnownFileType = sourcecode.swift; path = SettingsOptionsCell.swift; sourceTree = "<group>"; };
		98CB31C82FE6ACE50029CA7F /* RecentlyViewedStore.swift */ = {isa = PBXFileReference; lastKnownFileType = sourcecode.swift; path = RecentlyViewedStore.swift; sourceTree = "<group>"; };
		98CB31CA2FE6ADC20029CA7F /* RecentCardCell.swift */ = {isa = PBXFileReference; lastKnownFileType = sourcecode.swift; path = RecentCardCell.swift; sourceTree = "<group>"; };
		98CB31CC2FE6AEA00029CA7F /* RecentCard.swift */ = {isa = PBXFileReference; lastKnownFileType = sourcecode.swift; path = RecentCard.swift; sourceTree = "<group>"; };
		98EEA85E2FA54A4800EFA5F8 /* ScryfallBulkService.swift */ = {isa = PBXFileReference; lastKnownFileType = sourcecode.swift; path = ScryfallBulkService.swift; sourceTree = "<group>"; };
		98EEA8652FA97E0B00EFA5F8 /* StreamingJSONParser.swift */ = {isa = PBXFileReference; lastKnownFileType = sourcecode.swift; path = StreamingJSONParser.swift; sourceTree = "<group>"; };
/* End PBXFileReference section */

/* Begin PBXFileSystemSynchronizedBuildFileExceptionSet section */
		98CB31742FD3A3C00029CA7F /* Exceptions for "Supporting" folder in "TcgScanner" target */ = {
			isa = PBXFileSystemSynchronizedBuildFileExceptionSet;
			membershipExceptions = (
				Assets.xcassets,
			);
			target = 984A434E2F7F26D600640EE8 /* TcgScanner */;
		};
/* End PBXFileSystemSynchronizedBuildFileExceptionSet section */

/* Begin PBXFileSystemSynchronizedRootGroup section */
		986A78B82F96EC4F00EAEBEC /* Supporting */ = {
			isa = PBXFileSystemSynchronizedRootGroup;
			exceptions = (
				98CB31742FD3A3C00029CA7F /* Exceptions for "Supporting" folder in "TcgScanner" target */,
			);
			path = Supporting;
			sourceTree = "<group>";
		};
		9875E0D82F96FAB0002929D0 /* Resources */ = {
			isa = PBXFileSystemSynchronizedRootGroup;
			path = Resources;
			sourceTree = "<group>";
		};
		98CB319F2FE313440029CA7F /* CardDatabase */ = {
			isa = PBXFileSystemSynchronizedRootGroup;
			path = CardDatabase;
			sourceTree = "<group>";
		};
		98EEA8642FA97C6900EFA5F8 /* SetPicker */ = {
			isa = PBXFileSystemSynchronizedRootGroup;
			path = SetPicker;
			sourceTree = "<group>";
		};
/* End PBXFileSystemSynchronizedRootGroup section */

/* Begin PBXFrameworksBuildPhase section */
		984A434C2F7F26D600640EE8 /* Frameworks */ = {
			isa = PBXFrameworksBuildPhase;
			buildActionMask = 2147483647;
			files = (
			);
			runOnlyForDeploymentPostprocessing = 0;
		};
/* End PBXFrameworksBuildPhase section */

/* Begin PBXGroup section */
		984A43462F7F26D600640EE8 = {
			isa = PBXGroup;
			children = (
				986A78692F96E98800EAEBEC /* MTGScanner */,
				986A78B82F96EC4F00EAEBEC /* Supporting */,
				9875E0D82F96FAB0002929D0 /* Resources */,
				986A78BB2F96EC5F00EAEBEC /* LaunchScreen.storyboard */,
				9875E0DB2F96FC62002929D0 /* TcgScanner.app */,
			);
			sourceTree = "<group>";
		};
		986A78532F96E98800EAEBEC /* App */ = {
			isa = PBXGroup;
			children = (
				986A78512F96E98800EAEBEC /* AppDelegate.swift */,
				9875E0D92F96FB0F002929D0 /* SceneDelegate.swift */,
				986A78522F96E98800EAEBEC /* MainTabBarController.swift */,
				98CB31822FDA04B60029CA7F /* SplashViewController.swift */,
			);
			path = App;
			sourceTree = "<group>";
		};
		986A78552F96E98800EAEBEC /* Models */ = {
			isa = PBXGroup;
			children = (
				986A78542F96E98800EAEBEC /* MTGCard.swift */,
				98CB31BA2FE5F8980029CA7F /* MTGCard+Legalities.swift */,
				98CB31BC2FE5F8A00029CA7F /* CollectionEntry.swift */,
				98CB31BE2FE5F8A80029CA7F /* SessionEntry.swift */,
				98CB31C02FE5F8AF0029CA7F /* CardCondition.swift */,
			);
			path = Models;
			sourceTree = "<group>";
		};
		986A78572F96E98800EAEBEC /* CardDetail */ = {
			isa = PBXGroup;
			children = (
				986A78562F96E98800EAEBEC /* CardDetailViewController.swift */,
				98CB317B2FD78E460029CA7F /* CardDetailPrintingCell.swift */,
			);
			path = CardDetail;
			sourceTree = "<group>";
		};
		986A78592F96E98800EAEBEC /* Collection */ = {
			isa = PBXGroup;
			children = (
				986A78582F96E98800EAEBEC /* CollectionViewController.swift */,
			);
			path = Collection;
			sourceTree = "<group>";
		};
		986A785B2F96E98800EAEBEC /* Home */ = {
			isa = PBXGroup;
			children = (
				986A785A2F96E98800EAEBEC /* HomeViewController.swift */,
				98CB31CA2FE6ADC20029CA7F /* RecentCardCell.swift */,
			);
			path = Home;
			sourceTree = "<group>";
		};
		986A785D2F96E98800EAEBEC /* Menu */ = {
			isa = PBXGroup;
			children = (
				986A785C2F96E98800EAEBEC /* MenuViewController.swift */,
				98CB31C22FE5F91A0029CA7F /* SettingsCell.swift */,
				98CB31C42FE5F93C0029CA7F /* BulkDataCell.swift */,
				98CB316E2FD187660029CA7F /* Menu Options */,
			);
			path = Menu;
			sourceTree = "<group>";
		};
		986A785F2F96E98800EAEBEC /* Scanner */ = {
			isa = PBXGroup;
			children = (
				986A785E2F96E98800EAEBEC /* ScannerViewController.swift */,
				98CB31B62FE460BB0029CA7F /* PrintingSelectionOverlayView.swift */,
				98CB31B82FE463380029CA7F /* AddCardOverlayView.swift */,
				986A78AC2F96EBD900EAEBEC /* ScannerViewModel.swift */,
				986A78AE2F96EBEA00EAEBEC /* ScannerOverlayView.swift */,
			);
			path = Scanner;
			sourceTree = "<group>";
		};
		986A78612F96E98800EAEBEC /* Search */ = {
			isa = PBXGroup;
			children = (
				986A78602F96E98800EAEBEC /* SearchViewController.swift */,
				98CB316F2FD1E7D40029CA7F /* CardSearchViewModel.swift */,
				98CB31712FD1E8740029CA7F /* CardSearchCell.swift */,
				98CB31752FD45F120029CA7F /* SearchFilter.swift */,
				98CB31772FD45F4C0029CA7F /* CardFilterViewController.swift */,
				98CB31882FDC5A5D0029CA7F /* FilterCells */,
			);
			path = Search;
			sourceTree = "<group>";
		};
		986A78632F96E98800EAEBEC /* Session */ = {
			isa = PBXGroup;
			children = (
				986A78622F96E98800EAEBEC /* SessionViewController.swift */,
			);
			path = Session;
			sourceTree = "<group>";
		};
		986A78642F96E98800EAEBEC /* Modules */ = {
			isa = PBXGroup;
			children = (
				986A78572F96E98800EAEBEC /* CardDetail */,
				986A78592F96E98800EAEBEC /* Collection */,
				986A785B2F96E98800EAEBEC /* Home */,
				986A785D2F96E98800EAEBEC /* Menu */,
				986A785F2F96E98800EAEBEC /* Scanner */,
				986A78612F96E98800EAEBEC /* Search */,
				986A78632F96E98800EAEBEC /* Session */,
			);
			path = Modules;
			sourceTree = "<group>";
		};
		986A78682F96E98800EAEBEC /* Services */ = {
			isa = PBXGroup;
			children = (
				986A78652F96E98800EAEBEC /* CollectionStore.swift */,
				986A78B02F96EBFD00EAEBEC /* CameraService.swift */,
				98CB31982FE3114C0029CA7F /* OCR */,
				98CB319F2FE313440029CA7F /* CardDatabase */,
				98CB318F2FE171F40029CA7F /* VisionFeaturePrintService.swift */,
				98CB31C82FE6ACE50029CA7F /* RecentlyViewedStore.swift */,
				98CB31CC2FE6AEA00029CA7F /* RecentCard.swift */,
				98EEA85E2FA54A4800EFA5F8 /* ScryfallBulkService.swift */,
				98EEA8652FA97E0B00EFA5F8 /* StreamingJSONParser.swift */,
				986A78B42F96EC2300EAEBEC /* ScryfallService.swift */,
				986A78662F96E98800EAEBEC /* CSVService.swift */,
				986A78672F96E98800EAEBEC /* SessionStore.swift */,
			);
			path = Services;
			sourceTree = "<group>";
		};
		986A78692F96E98800EAEBEC /* MTGScanner */ = {
			isa = PBXGroup;
			children = (
				986A78532F96E98800EAEBEC /* App */,
				986A78552F96E98800EAEBEC /* Models */,
				986A78642F96E98800EAEBEC /* Modules */,
				98EEA8642FA97C6900EFA5F8 /* SetPicker */,
				986A78682F96E98800EAEBEC /* Services */,
			);
			path = MTGScanner;
			sourceTree = "<group>";
		};
		98CB316E2FD187660029CA7F /* Menu Options */ = {
			isa = PBXGroup;
			children = (
				98CB316C2FD1875B0029CA7F /* SettingsViewController.swift */,
				98CB31C62FE5F95E0029CA7F /* SettingsOptionsCell.swift */,
			);
			path = "Menu Options";
			sourceTree = "<group>";
		};
		98CB31882FDC5A5D0029CA7F /* FilterCells */ = {
			isa = PBXGroup;
			children = (
				98CB31862FDC47190029CA7F /* FilterManaCostRowCell.swift */,
				98CB31892FDC5A6E0029CA7F /* FilterColorCell.swift */,
				98CB318B2FDC5E0C0029CA7F /* FilterColorModeCell.swift */,
			);
			path = FilterCells;
			sourceTree = "<group>";
		};
		98CB31982FE3114C0029CA7F /* OCR */ = {
			isa = PBXGroup;
			children = (
				986A78B22F96EC1400EAEBEC /* OCRService.swift */,
				98CB31992FE311680029CA7F /* CardRectangularDetector.swift */,
				98CB319B2FE311740029CA7F /* CardCaptureService.swift */,
				98CB319D2FE311820029CA7F /* CardNameRecognizer.swift */,
			);
			path = OCR;
			sourceTree = "<group>";
		};
/* End PBXGroup section */

/* Begin PBXNativeTarget section */
		984A434E2F7F26D600640EE8 /* TcgScanner */ = {
			isa = PBXNativeTarget;
			buildConfigurationList = 984A43622F7F26D800640EE8 /* Build configuration list for PBXNativeTarget "TcgScanner" */;
			buildPhases = (
				984A434B2F7F26D600640EE8 /* Sources */,
				984A434C2F7F26D600640EE8 /* Frameworks */,
				984A434D2F7F26D600640EE8 /* Resources */,
			);
			buildRules = (
			);
			dependencies = (
			);
			fileSystemSynchronizedGroups = (
				98CB319F2FE313440029CA7F /* CardDatabase */,
				98EEA8642FA97C6900EFA5F8 /* SetPicker */,
			);
			name = TcgScanner;
			packageProductDependencies = (
			);
			productName = TcgScanner;
			productReference = 9875E0DB2F96FC62002929D0 /* TcgScanner.app */;
			productType = "com.apple.product-type.application";
		};
/* End PBXNativeTarget section */

/* Begin PBXProject section */
		984A43472F7F26D600640EE8 /* Project object */ = {
			isa = PBXProject;
			attributes = {
				BuildIndependentTargetsInParallel = 1;
				LastSwiftUpdateCheck = 1600;
				LastUpgradeCheck = 1600;
				TargetAttributes = {
					984A434E2F7F26D600640EE8 = {
						CreatedOnToolsVersion = 16.0;
					};
				};
			};
			buildConfigurationList = 984A434A2F7F26D600640EE8 /* Build configuration list for PBXProject "TcgScanner" */;
			developmentRegion = en;
			hasScannedForEncodings = 0;
			knownRegions = (
				en,
				Base,
			);
			mainGroup = 984A43462F7F26D600640EE8;
			minimizedProjectReferenceProxies = 1;
			preferredProjectObjectVersion = 77;
			productRefGroup = 984A43462F7F26D600640EE8;
			projectDirPath = "";
			projectRoot = "";
			targets = (
				984A434E2F7F26D600640EE8 /* TcgScanner */,
			);
		};
/* End PBXProject section */

/* Begin PBXResourcesBuildPhase section */
		984A434D2F7F26D600640EE8 /* Resources */ = {
			isa = PBXResourcesBuildPhase;
			buildActionMask = 2147483647;
			files = (
			);
			runOnlyForDeploymentPostprocessing = 0;
		};
/* End PBXResourcesBuildPhase section */

/* Begin PBXSourcesBuildPhase section */
		984A434B2F7F26D600640EE8 /* Sources */ = {
			isa = PBXSourcesBuildPhase;
			buildActionMask = 2147483647;
			files = (
				98CB31BB2FE5F8980029CA7F /* MTGCard+Legalities.swift in Sources */,
				986A787E2F96EA1D00EAEBEC /* MenuViewController.swift in Sources */,
				986A787F2F96EA1D00EAEBEC /* ScannerViewController.swift in Sources */,
				986A78802F96EA1D00EAEBEC /* SearchViewController.swift in Sources */,
				986A78B32F96EC1400EAEBEC /* OCRService.swift in Sources */,
				98CB31BF2FE5F8A80029CA7F /* SessionEntry.swift in Sources */,
				98CB31CB2FE6ADC20029CA7F /* RecentCardCell.swift in Sources */,
				98CB319A2FE311680029CA7F /* CardRectangularDetector.swift in Sources */,
				98EEA85F2FA54A4800EFA5F8 /* ScryfallBulkService.swift in Sources */,
				98CB31B72FE460BB0029CA7F /* PrintingSelectionOverlayView.swift in Sources */,
				986A78812F96EA1D00EAEBEC /* SessionViewController.swift in Sources */,
				98CB319E2FE311820029CA7F /* CardNameRecognizer.swift in Sources */,
				986A78B52F96EC2300EAEBEC /* ScryfallService.swift in Sources */,
				986A78822F96EA1D00EAEBEC /* CollectionStore.swift in Sources */,
				98CB31762FD45F120029CA7F /* SearchFilter.swift in Sources */,
				98CB31872FDC47190029CA7F /* FilterManaCostRowCell.swift in Sources */,
				98EEA8662FA97E0B00EFA5F8 /* StreamingJSONParser.swift in Sources */,
				98CB31C92FE6ACE50029CA7F /* RecentlyViewedStore.swift in Sources */,
				986A78832F96EA1D00EAEBEC /* CSVService.swift in Sources */,
				98CB317C2FD78E460029CA7F /* CardDetailPrintingCell.swift in Sources */,
				98CB31C72FE5F95E0029CA7F /* SettingsOptionsCell.swift in Sources */,
				986A78842F96EA1D00EAEBEC /* SessionStore.swift in Sources */,
				986A78AD2F96EBD900EAEBEC /* ScannerViewModel.swift in Sources */,
				98CB31C52FE5F93C0029CA7F /* BulkDataCell.swift in Sources */,
				986A78B12F96EBFD00EAEBEC /* CameraService.swift in Sources */,
				986A787D2F96EA1600EAEBEC /* HomeViewController.swift in Sources */,
				98CB31C12FE5F8AF0029CA7F /* CardCondition.swift in Sources */,
				98CB31832FDA04B60029CA7F /* SplashViewController.swift in Sources */,
				986A787C2F96EA0300EAEBEC /* CollectionViewController.swift in Sources */,
				98CB31782FD45F4C0029CA7F /* CardFilterViewController.swift in Sources */,
				986A78AF2F96EBEA00EAEBEC /* ScannerOverlayView.swift in Sources */,
				98CB31702FD1E7D40029CA7F /* CardSearchViewModel.swift in Sources */,
				986A787B2F96E9FD00EAEBEC /* CardDetailViewController.swift in Sources */,
				98CB319C2FE311740029CA7F /* CardCaptureService.swift in Sources */,
				98CB31902FE171F40029CA7F /* VisionFeaturePrintService.swift in Sources */,
				98CB31B92FE463380029CA7F /* AddCardOverlayView.swift in Sources */,
				98CB31722FD1E8740029CA7F /* CardSearchCell.swift in Sources */,
				98CB31C32FE5F91A0029CA7F /* SettingsCell.swift in Sources */,
				986A787A2F96E9FA00EAEBEC /* MTGCard.swift in Sources */,
				98CB318C2FDC5E0C0029CA7F /* FilterColorModeCell.swift in Sources */,
				98CB316D2FD1875B0029CA7F /* SettingsViewController.swift in Sources */,
				9875E0DA2F96FB0F002929D0 /* SceneDelegate.swift in Sources */,
				98CB31BD2FE5F8A00029CA7F /* CollectionEntry.swift in Sources */,
				98CB318A2FDC5A6E0029CA7F /* FilterColorCell.swift in Sources */,
				986A78792F96E9F700EAEBEC /* MainTabBarController.swift in Sources */,
				98CB31CD2FE6AEA00029CA7F /* RecentCard.swift in Sources */,
				986A78782F96E9F300EAEBEC /* AppDelegate.swift in Sources */,
			);
			runOnlyForDeploymentPostprocessing = 0;
		};
/* End PBXSourcesBuildPhase section */

/* Begin PBXVariantGroup section */
		986A78BB2F96EC5F00EAEBEC /* LaunchScreen.storyboard */ = {
			isa = PBXVariantGroup;
			children = (
				986A78BA2F96EC5F00EAEBEC /* LaunchScreen.storyboard */,
			);
			name = LaunchScreen.storyboard;
			sourceTree = "<group>";
		};
/* End PBXVariantGroup section */

/* Begin XCBuildConfiguration section */
		984A43632F7F26D800640EE8 /* Debug */ = {
			isa = XCBuildConfiguration;
			buildSettings = {
				ASSETCATALOG_COMPILER_APPICON_NAME = AppIcon;
				ASSETCATALOG_COMPILER_GLOBAL_ACCENT_COLOR_NAME = AccentColor;
				ASSETCATALOG_COMPILER_INCLUDE_ALL_APPICON_ASSETS = NO;
				CODE_SIGN_STYLE = Automatic;
				CURRENT_PROJECT_VERSION = 1;
				DEVELOPMENT_TEAM = 4A9NA3SLD6;
				GENERATE_INFOPLIST_FILE = YES;
				INFOPLIST_FILE = Resources/Info.plist;
				INFOPLIST_KEY_LSApplicationCategoryType = "public.app-category.utilities";
				INFOPLIST_KEY_UIApplicationSupportsIndirectInputEvents = YES;
				INFOPLIST_KEY_UILaunchStoryboardName = LaunchScreen;
				INFOPLIST_KEY_UIStatusBarStyle = "";
				INFOPLIST_KEY_UISupportedInterfaceOrientations_iPad = "UIInterfaceOrientationPortrait UIInterfaceOrientationPortraitUpsideDown UIInterfaceOrientationLandscapeLeft UIInterfaceOrientationLandscapeRight";
				INFOPLIST_KEY_UISupportedInterfaceOrientations_iPhone = "UIInterfaceOrientationPortrait UIInterfaceOrientationLandscapeLeft UIInterfaceOrientationLandscapeRight";
				LD_RUNPATH_SEARCH_PATHS = (
					"$(inherited)",
					"@executable_path/Frameworks",
				);
				MARKETING_VERSION = 1.0;
				PRODUCT_BUNDLE_IDENTIFIER = jjames99.TcgScanner;
				PRODUCT_NAME = "$(TARGET_NAME)";
				SWIFT_EMIT_LOC_STRINGS = YES;
				SWIFT_VERSION = 5.0;
				TARGETED_DEVICE_FAMILY = "1,2";
			};
			name = Debug;
		};
		984A43642F7F26D800640EE8 /* Release */ = {
			isa = XCBuildConfiguration;
			buildSettings = {
				ASSETCATALOG_COMPILER_APPICON_NAME = AppIcon;
				ASSETCATALOG_COMPILER_GLOBAL_ACCENT_COLOR_NAME = AccentColor;
				ASSETCATALOG_COMPILER_INCLUDE_ALL_APPICON_ASSETS = NO;
				CODE_SIGN_STYLE = Automatic;
				CURRENT_PROJECT_VERSION = 1;
				DEVELOPMENT_TEAM = 4A9NA3SLD6;
				GENERATE_INFOPLIST_FILE = YES;
				INFOPLIST_FILE = Resources/Info.plist;
				INFOPLIST_KEY_LSApplicationCategoryType = "public.app-category.utilities";
				INFOPLIST_KEY_UIApplicationSupportsIndirectInputEvents = YES;
				INFOPLIST_KEY_UILaunchStoryboardName = LaunchScreen;
				INFOPLIST_KEY_UIStatusBarStyle = "";
				INFOPLIST_KEY_UISupportedInterfaceOrientations_iPad = "UIInterfaceOrientationPortrait UIInterfaceOrientationPortraitUpsideDown UIInterfaceOrientationLandscapeLeft UIInterfaceOrientationLandscapeRight";
				INFOPLIST_KEY_UISupportedInterfaceOrientations_iPhone = "UIInterfaceOrientationPortrait UIInterfaceOrientationLandscapeLeft UIInterfaceOrientationLandscapeRight";
				LD_RUNPATH_SEARCH_PATHS = (
					"$(inherited)",
					"@executable_path/Frameworks",
				);
				MARKETING_VERSION = 1.0;
				PRODUCT_BUNDLE_IDENTIFIER = jjames99.TcgScanner;
				PRODUCT_NAME = "$(TARGET_NAME)";
				SWIFT_EMIT_LOC_STRINGS = YES;
				SWIFT_VERSION = 5.0;
				TARGETED_DEVICE_FAMILY = "1,2";
			};
			name = Release;
		};
		984A43652F7F26D800640EE8 /* Debug */ = {
			isa = XCBuildConfiguration;
			buildSettings = {
				ALWAYS_SEARCH_USER_PATHS = NO;
				ASSETCATALOG_COMPILER_GENERATE_SWIFT_ASSET_SYMBOL_EXTENSIONS = YES;
				CLANG_ANALYZER_NONNULL = YES;
				CLANG_ANALYZER_NUMBER_OBJECT_CONVERSION = YES_AGGRESSIVE;
				CLANG_CXX_LANGUAGE_STANDARD = "gnu++20";
				CLANG_ENABLE_MODULES = YES;
				CLANG_ENABLE_OBJC_ARC = YES;
				CLANG_ENABLE_OBJC_WEAK = YES;
				CLANG_WARN_BLOCK_CAPTURE_AUTORELEASING = YES;
				CLANG_WARN_BOOL_CONVERSION = YES;
				CLANG_WARN_COMMA = YES;
				CLANG_WARN_CONSTANT_CONVERSION = YES;
				CLANG_WARN_DEPRECATED_OBJC_IMPLEMENTATIONS = YES;
				CLANG_WARN_DIRECT_OBJC_ISA_USAGE = YES_ERROR;
				CLANG_WARN_DOCUMENTATION_COMMENTS = YES;
				CLANG_WARN_EMPTY_BODY = YES;
				CLANG_WARN_ENUM_CONVERSION = YES;
				CLANG_WARN_INFINITE_RECURSION = YES;
				CLANG_WARN_INT_CONVERSION = YES;
				CLANG_WARN_NON_LITERAL_NULL_CONVERSION = YES;
				CLANG_WARN_OBJC_IMPLICIT_RETAIN_SELF = YES;
				CLANG_WARN_OBJC_LITERAL_CONVERSION = YES;
				CLANG_WARN_OBJC_ROOT_CLASS = YES_ERROR;
				CLANG_WARN_QUOTED_INCLUDE_IN_FRAMEWORK_HEADER = YES;
				CLANG_WARN_RANGE_LOOP_ANALYSIS = YES;
				CLANG_WARN_STRICT_PROTOTYPES = YES;
				CLANG_WARN_SUSPICIOUS_MOVE = YES;
				CLANG_WARN_UNGUARDED_AVAILABILITY = YES_AGGRESSIVE;
				CLANG_WARN_UNREACHABLE_CODE = YES;
				CLANG_WARN__DUPLICATE_METHOD_MATCH = YES;
				COPY_PHASE_STRIP = NO;
				DEBUG_INFORMATION_FORMAT = dwarf;
				ENABLE_STRICT_OBJC_MSGSEND = YES;
				ENABLE_TESTABILITY = YES;
				ENABLE_USER_SCRIPT_SANDBOXING = YES;
				GCC_C_LANGUAGE_STANDARD = gnu17;
				GCC_DYNAMIC_NO_PIC = NO;
				GCC_NO_COMMON_BLOCKS = YES;
				GCC_OPTIMIZATION_LEVEL = 0;
				GCC_PREPROCESSOR_DEFINITIONS = (
					"DEBUG=1",
					"$(inherited)",
				);
				GCC_WARN_64_TO_32_BIT_CONVERSION = YES;
				GCC_WARN_ABOUT_RETURN_TYPE = YES_ERROR;
				GCC_WARN_UNDECLARED_SELECTOR = YES;
				GCC_WARN_UNINITIALIZED_AUTOS = YES_AGGRESSIVE;
				GCC_WARN_UNUSED_FUNCTION = YES;
				GCC_WARN_UNUSED_VARIABLE = YES;
				IPHONEOS_DEPLOYMENT_TARGET = 18.0;
				LOCALIZATION_PREFERS_STRING_CATALOGS = YES;
				MTL_ENABLE_DEBUG_INFO = INCLUDE_SOURCE;
				MTL_FAST_MATH = YES;
				ONLY_ACTIVE_ARCH = YES;
				SDKROOT = iphoneos;
				SWIFT_ACTIVE_COMPILATION_CONDITIONS = "DEBUG $(inherited)";
				SWIFT_OPTIMIZATION_LEVEL = "-Onone";
			};
			name = Debug;
		};
		984A43662F7F26D800640EE8 /* Release */ = {
			isa = XCBuildConfiguration;
			buildSettings = {
				ALWAYS_SEARCH_USER_PATHS = NO;
				ASSETCATALOG_COMPILER_GENERATE_SWIFT_ASSET_SYMBOL_EXTENSIONS = YES;
				CLANG_ANALYZER_NONNULL = YES;
				CLANG_ANALYZER_NUMBER_OBJECT_CONVERSION = YES_AGGRESSIVE;
				CLANG_CXX_LANGUAGE_STANDARD = "gnu++20";
				CLANG_ENABLE_MODULES = YES;
				CLANG_ENABLE_OBJC_ARC = YES;
				CLANG_ENABLE_OBJC_WEAK = YES;
				CLANG_WARN_BLOCK_CAPTURE_AUTORELEASING = YES;
				CLANG_WARN_BOOL_CONVERSION = YES;
				CLANG_WARN_COMMA = YES;
				CLANG_WARN_CONSTANT_CONVERSION = YES;
				CLANG_WARN_DEPRECATED_OBJC_IMPLEMENTATIONS = YES;
				CLANG_WARN_DIRECT_OBJC_ISA_USAGE = YES_ERROR;
				CLANG_WARN_DOCUMENTATION_COMMENTS = YES;
				CLANG_WARN_EMPTY_BODY = YES;
				CLANG_WARN_ENUM_CONVERSION = YES;
				CLANG_WARN_INFINITE_RECURSION = YES;
				CLANG_WARN_INT_CONVERSION = YES;
				CLANG_WARN_NON_LITERAL_NULL_CONVERSION = YES;
				CLANG_WARN_OBJC_IMPLICIT_RETAIN_SELF = YES;
				CLANG_WARN_OBJC_LITERAL_CONVERSION = YES;
				CLANG_WARN_OBJC_ROOT_CLASS = YES_ERROR;
				CLANG_WARN_QUOTED_INCLUDE_IN_FRAMEWORK_HEADER = YES;
				CLANG_WARN_RANGE_LOOP_ANALYSIS = YES;
				CLANG_WARN_STRICT_PROTOTYPES = YES;
				CLANG_WARN_SUSPICIOUS_MOVE = YES;
				CLANG_WARN_UNGUARDED_AVAILABILITY = YES_AGGRESSIVE;
				CLANG_WARN_UNREACHABLE_CODE = YES;
				CLANG_WARN__DUPLICATE_METHOD_MATCH = YES;
				COPY_PHASE_STRIP = NO;
				DEBUG_INFORMATION_FORMAT = "dwarf-with-dsym";
				ENABLE_NS_ASSERTIONS = NO;
				ENABLE_STRICT_OBJC_MSGSEND = YES;
				ENABLE_USER_SCRIPT_SANDBOXING = YES;
				GCC_C_LANGUAGE_STANDARD = gnu17;
				GCC_NO_COMMON_BLOCKS = YES;
				GCC_WARN_64_TO_32_BIT_CONVERSION = YES;
				GCC_WARN_ABOUT_RETURN_TYPE = YES_ERROR;
				GCC_WARN_UNDECLARED_SELECTOR = YES;
				GCC_WARN_UNINITIALIZED_AUTOS = YES_AGGRESSIVE;
				GCC_WARN_UNUSED_FUNCTION = YES;
				GCC_WARN_UNUSED_VARIABLE = YES;
				IPHONEOS_DEPLOYMENT_TARGET = 18.0;
				LOCALIZATION_PREFERS_STRING_CATALOGS = YES;
				MTL_ENABLE_DEBUG_INFO = NO;
				MTL_FAST_MATH = YES;
				SDKROOT = iphoneos;
				SWIFT_COMPILATION_MODE = wholemodule;
				VALIDATE_PRODUCT = YES;
			};
			name = Release;
		};
/* End XCBuildConfiguration section */

/* Begin XCConfigurationList section */
		984A434A2F7F26D600640EE8 /* Build configuration list for PBXProject "TcgScanner" */ = {
			isa = XCConfigurationList;
			buildConfigurations = (
				984A43652F7F26D800640EE8 /* Debug */,
				984A43662F7F26D800640EE8 /* Release */,
			);
			defaultConfigurationIsVisible = 0;
			defaultConfigurationName = Release;
		};
		984A43622F7F26D800640EE8 /* Build configuration list for PBXNativeTarget "TcgScanner" */ = {
			isa = XCConfigurationList;
			buildConfigurations = (
				984A43632F7F26D800640EE8 /* Debug */,
				984A43642F7F26D800640EE8 /* Release */,
			);
			defaultConfigurationIsVisible = 0;
			defaultConfigurationName = Release;
		};
/* End XCConfigurationList section */
	};
	rootObject = 984A43472F7F26D600640EE8 /* Project object */;
}
