// !$*UTF8*$!
{
	archiveVersion = 1;
	classes = {
	};
	objectVersion = 77;
	objects = {

/* Begin PBXBuildFile section */
		982414CB2FFD6AD500AB1C14 /* Database.swift in Sources */ = {isa = PBXBuildFile; fileRef = 982414CA2FFD6AD500AB1C14 /* Database.swift */; };
		982414CD2FFD6ADB00AB1C14 /* DatabaseQueue.swift in Sources */ = {isa = PBXBuildFile; fileRef = 982414CC2FFD6ADB00AB1C14 /* DatabaseQueue.swift */; };
		982414CF2FFD6AE100AB1C14 /* DatabaseError.swift in Sources */ = {isa = PBXBuildFile; fileRef = 982414CE2FFD6AE100AB1C14 /* DatabaseError.swift */; };
		982414D22FFD6B0500AB1C14 /* SQLiteConnection.swift in Sources */ = {isa = PBXBuildFile; fileRef = 982414D12FFD6B0500AB1C14 /* SQLiteConnection.swift */; };
		982414D42FFD6B0D00AB1C14 /* SQLiteStatement.swift in Sources */ = {isa = PBXBuildFile; fileRef = 982414D32FFD6B0D00AB1C14 /* SQLiteStatement.swift */; };
		982414D62FFD6B1800AB1C14 /* SQLiteTransaction.swift in Sources */ = {isa = PBXBuildFile; fileRef = 982414D52FFD6B1800AB1C14 /* SQLiteTransaction.swift */; };
		982414D92FFD6B3100AB1C14 /* CardRepository.swift in Sources */ = {isa = PBXBuildFile; fileRef = 982414D82FFD6B3100AB1C14 /* CardRepository.swift */; };
		982414DB2FFD6B3900AB1C14 /* FeaturePrintRepository.swift in Sources */ = {isa = PBXBuildFile; fileRef = 982414DA2FFD6B3900AB1C14 /* FeaturePrintRepository.swift */; };
		982414DD2FFD6B4B00AB1C14 /* BulkImportRepository.swift in Sources */ = {isa = PBXBuildFile; fileRef = 982414DC2FFD6B4B00AB1C14 /* BulkImportRepository.swift */; };
		982414E22FFD6B7100AB1C14 /* FeatureQueries.swift in Sources */ = {isa = PBXBuildFile; fileRef = 982414E12FFD6B7100AB1C14 /* FeatureQueries.swift */; };
		982414E82FFD6BA500AB1C14 /* CardRow.swift in Sources */ = {isa = PBXBuildFile; fileRef = 982414E72FFD6BA500AB1C14 /* CardRow.swift */; };
		982414EA2FFD6BB600AB1C14 /* BulDataDownloader.swift in Sources */ = {isa = PBXBuildFile; fileRef = 982414E92FFD6BB600AB1C14 /* BulDataDownloader.swift */; };
		982414EE2FFD6EC300AB1C14 /* CardQueries.swift in Sources */ = {isa = PBXBuildFile; fileRef = 982414ED2FFD6EC300AB1C14 /* CardQueries.swift */; };
		982414F02FFD6EDB00AB1C14 /* CardRowMapper.swift in Sources */ = {isa = PBXBuildFile; fileRef = 982414EF2FFD6EDB00AB1C14 /* CardRowMapper.swift */; };
		982414F22FFD6EE200AB1C14 /* CardSearch.swift in Sources */ = {isa = PBXBuildFile; fileRef = 982414F12FFD6EE200AB1C14 /* CardSearch.swift */; };
		982414F42FFD6EE800AB1C14 /* CardLookup.swift in Sources */ = {isa = PBXBuildFile; fileRef = 982414F32FFD6EE800AB1C14 /* CardLookup.swift */; };
		982414F62FFD6EEF00AB1C14 /* CardStatistics.swift in Sources */ = {isa = PBXBuildFile; fileRef = 982414F52FFD6EEF00AB1C14 /* CardStatistics.swift */; };
		982414F82FFD6EF200AB1C14 /* CardSets.swift in Sources */ = {isa = PBXBuildFile; fileRef = 982414F72FFD6EF200AB1C14 /* CardSets.swift */; };
		982414FA2FFD6EF900AB1C14 /* CardArtists.swift in Sources */ = {isa = PBXBuildFile; fileRef = 982414F92FFD6EF900AB1C14 /* CardArtists.swift */; };
		982414FC2FFD712B00AB1C14 /* SearchQueryBuilder.swift in Sources */ = {isa = PBXBuildFile; fileRef = 982414FB2FFD712B00AB1C14 /* SearchQueryBuilder.swift */; };
		986A78782F96E9F300EAEBEC /* AppDelegate.swift in Sources */ = {isa = PBXBuildFile; fileRef = 986A78512F96E98800EAEBEC /* AppDelegate.swift */; };
		986A78792F96E9F700EAEBEC /* MainTabBarController.swift in Sources */ = {isa = PBXBuildFile; fileRef = 986A78522F96E98800EAEBEC /* MainTabBarController.swift */; };
		986A787A2F96E9FA00EAEBEC /* MTGCard.swift in Sources */ = {isa = PBXBuildFile; fileRef = 986A78542F96E98800EAEBEC /* MTGCard.swift */; };
		986A787B2F96E9FD00EAEBEC /* CardDetailViewController.swift in Sources */ = {isa = PBXBuildFile; fileRef = 986A78562F96E98800EAEBEC /* CardDetailViewController.swift */; };
		986A787C2F96EA0300EAEBEC /* CollectionViewController.swift in Sources */ = {isa = PBXBuildFile; fileRef = 986A78582F96E98800EAEBEC /* CollectionViewController.swift */; };
		986A787D2F96EA1600EAEBEC /* HomeViewController.swift in Sources */ = {isa = PBXBuildFile; fileRef = 986A785A2F96E98800EAEBEC /* HomeViewController.swift */; };
		986A787E2F96EA1D00EAEBEC /* MenuViewController.swift in Sources */ = {isa = PBXBuildFile; fileRef = 986A785C2F96E98800EAEBEC /* MenuViewController.swift */; };
		986A787F2F96EA1D00EAEBEC /* ScannerViewController.swift in Sources */ = {isa = PBXBuildFile; fileRef = 986A785E2F96E98800EAEBEC /* ScannerViewController.swift */; };
		986A78802F96EA1D00EAEBEC /* SearchViewController.swift in Sources */ = {isa = PBXBuildFile; fileRef = 986A78602F96E98800EAEBEC /* SearchViewController.swift */; };
		986A78812F96EA1D00EAEBEC /* SessionViewController.swift in Sources */ = {isa = PBXBuildFile; fileRef = 986A78622F96E98800EAEBEC /* SessionViewController.swift */; };
		986A78822F96EA1D00EAEBEC /* CollectionStore.swift in Sources */ = {isa = PBXBuildFile; fileRef = 986A78652F96E98800EAEBEC /* CollectionStore.swift */; };
		986A78842F96EA1D00EAEBEC /* SessionStore.swift in Sources */ = {isa = PBXBuildFile; fileRef = 986A78672F96E98800EAEBEC /* SessionStore.swift */; };
		986A78AD2F96EBD900EAEBEC /* ScannerViewModel.swift in Sources */ = {isa = PBXBuildFile; fileRef = 986A78AC2F96EBD900EAEBEC /* ScannerViewModel.swift */; };
		986A78AF2F96EBEA00EAEBEC /* ScannerOverlayView.swift in Sources */ = {isa = PBXBuildFile; fileRef = 986A78AE2F96EBEA00EAEBEC /* ScannerOverlayView.swift */; };
		986A78B12F96EBFD00EAEBEC /* CameraService.swift in Sources */ = {isa = PBXBuildFile; fileRef = 986A78B02F96EBFD00EAEBEC /* CameraService.swift */; };
		986A78B32F96EC1400EAEBEC /* OCRService.swift in Sources */ = {isa = PBXBuildFile; fileRef = 986A78B22F96EC1400EAEBEC /* OCRService.swift */; };
		986A78B52F96EC2300EAEBEC /* ScryfallService.swift in Sources */ = {isa = PBXBuildFile; fileRef = 986A78B42F96EC2300EAEBEC /* ScryfallService.swift */; };
		9875E0DA2F96FB0F002929D0 /* SceneDelegate.swift in Sources */ = {isa = PBXBuildFile; fileRef = 9875E0D92F96FB0F002929D0 /* SceneDelegate.swift */; };
		9879F37B2FFE6FF10039F2DF /* LifeCounterViewController.swift in Sources */ = {isa = PBXBuildFile; fileRef = 9879F37A2FFE6FF10039F2DF /* LifeCounterViewController.swift */; };
		9879F3B52FFE9DC80039F2DF /* SearchFilter+UIKit.swift in Sources */ = {isa = PBXBuildFile; fileRef = 9879F3B42FFE9DC80039F2DF /* SearchFilter+UIKit.swift */; };
		9879F3B72FFEB32B0039F2DF /* ImageLoader.swift in Sources */ = {isa = PBXBuildFile; fileRef = 9879F3B62FFEB32B0039F2DF /* ImageLoader.swift */; };
		9879F3B92FFF04CC0039F2DF /* ScannerLanguage.swift in Sources */ = {isa = PBXBuildFile; fileRef = 9879F3B82FFF04CC0039F2DF /* ScannerLanguage.swift */; };
		9879F3BC2FFF092D0039F2DF /* CurrencySettings.swift in Sources */ = {isa = PBXBuildFile; fileRef = 9879F3BB2FFF092D0039F2DF /* CurrencySettings.swift */; };
		9879F3BE2FFF093D0039F2DF /* ExchangeRateService.swift in Sources */ = {isa = PBXBuildFile; fileRef = 9879F3BD2FFF093D0039F2DF /* ExchangeRateService.swift */; };
		9879F3C02FFF09490039F2DF /* PriceFormatter.swift in Sources */ = {isa = PBXBuildFile; fileRef = 9879F3BF2FFF09490039F2DF /* PriceFormatter.swift */; };
		9879F3C32FFFB8BB0039F2DF /* CardLanguageSettings.swift in Sources */ = {isa = PBXBuildFile; fileRef = 9879F3C22FFFB8BB0039F2DF /* CardLanguageSettings.swift */; };
		98CB316D2FD1875B0029CA7F /* SettingsViewController.swift in Sources */ = {isa = PBXBuildFile; fileRef = 98CB316C2FD1875B0029CA7F /* SettingsViewController.swift */; };
		98CB31702FD1E7D40029CA7F /* CardSearchViewModel.swift in Sources */ = {isa = PBXBuildFile; fileRef = 98CB316F2FD1E7D40029CA7F /* CardSearchViewModel.swift */; };
		98CB31722FD1E8740029CA7F /* CardSearchCell.swift in Sources */ = {isa = PBXBuildFile; fileRef = 98CB31712FD1E8740029CA7F /* CardSearchCell.swift */; };
		98CB31782FD45F4C0029CA7F /* CardFilterViewController.swift in Sources */ = {isa = PBXBuildFile; fileRef = 98CB31772FD45F4C0029CA7F /* CardFilterViewController.swift */; };
		98CB31832FDA04B60029CA7F /* SplashViewController.swift in Sources */ = {isa = PBXBuildFile; fileRef = 98CB31822FDA04B60029CA7F /* SplashViewController.swift */; };
		98CB31872FDC47190029CA7F /* FilterManaCostRowCell.swift in Sources */ = {isa = PBXBuildFile; fileRef = 98CB31862FDC47190029CA7F /* FilterManaCostRowCell.swift */; };
		98CB318A2FDC5A6E0029CA7F /* FilterColorCell.swift in Sources */ = {isa = PBXBuildFile; fileRef = 98CB31892FDC5A6E0029CA7F /* FilterColorCell.swift */; };
		98CB318C2FDC5E0C0029CA7F /* FilterColorModeCell.swift in Sources */ = {isa = PBXBuildFile; fileRef = 98CB318B2FDC5E0C0029CA7F /* FilterColorModeCell.swift */; };
		98CB31902FE171F40029CA7F /* VisionFeaturePrintService.swift in Sources */ = {isa = PBXBuildFile; fileRef = 98CB318F2FE171F40029CA7F /* VisionFeaturePrintService.swift */; };
		98CB319A2FE311680029CA7F /* CardRectangularDetector.swift in Sources */ = {isa = PBXBuildFile; fileRef = 98CB31992FE311680029CA7F /* CardRectangularDetector.swift */; };
		98CB319C2FE311740029CA7F /* CardCaptureService.swift in Sources */ = {isa = PBXBuildFile; fileRef = 98CB319B2FE311740029CA7F /* CardCaptureService.swift */; };
		98CB319E2FE311820029CA7F /* CardNameRecognizer.swift in Sources */ = {isa = PBXBuildFile; fileRef = 98CB319D2FE311820029CA7F /* CardNameRecognizer.swift */; };
		98CB31B72FE460BB0029CA7F /* PrintingSelectionOverlayView.swift in Sources */ = {isa = PBXBuildFile; fileRef = 98CB31B62FE460BB0029CA7F /* PrintingSelectionOverlayView.swift */; };
		98CB31B92FE463380029CA7F /* AddCardOverlayView.swift in Sources */ = {isa = PBXBuildFile; fileRef = 98CB31B82FE463380029CA7F /* AddCardOverlayView.swift */; };
		98CB31BB2FE5F8980029CA7F /* MTGCard+Legalities.swift in Sources */ = {isa = PBXBuildFile; fileRef = 98CB31BA2FE5F8980029CA7F /* MTGCard+Legalities.swift */; };
		98CB31BD2FE5F8A00029CA7F /* CollectionEntry.swift in Sources */ = {isa = PBXBuildFile; fileRef = 98CB31BC2FE5F8A00029CA7F /* CollectionEntry.swift */; };
		98CB31BF2FE5F8A80029CA7F /* SessionEntry.swift in Sources */ = {isa = PBXBuildFile; fileRef = 98CB31BE2FE5F8A80029CA7F /* SessionEntry.swift */; };
		98CB31C12FE5F8AF0029CA7F /* CardCondition.swift in Sources */ = {isa = PBXBuildFile; fileRef = 98CB31C02FE5F8AF0029CA7F /* CardCondition.swift */; };
		98CB31C32FE5F91A0029CA7F /* SettingsCell.swift in Sources */ = {isa = PBXBuildFile; fileRef = 98CB31C22FE5F91A0029CA7F /* SettingsCell.swift */; };
		98CB31C52FE5F93C0029CA7F /* BulkDataCell.swift in Sources */ = {isa = PBXBuildFile; fileRef = 98CB31C42FE5F93C0029CA7F /* BulkDataCell.swift */; };
		98CB31C72FE5F95E0029CA7F /* SettingsOptionsCell.swift in Sources */ = {isa = PBXBuildFile; fileRef = 98CB31C62FE5F95E0029CA7F /* SettingsOptionsCell.swift */; };
		98CB31C92FE6ACE50029CA7F /* RecentlyViewedStore.swift in Sources */ = {isa = PBXBuildFile; fileRef = 98CB31C82FE6ACE50029CA7F /* RecentlyViewedStore.swift */; };
		98CB31CB2FE6ADC20029CA7F /* RecentCardCell.swift in Sources */ = {isa = PBXBuildFile; fileRef = 98CB31CA2FE6ADC20029CA7F /* RecentCardCell.swift */; };
		98CB31CD2FE6AEA00029CA7F /* RecentCard.swift in Sources */ = {isa = PBXBuildFile; fileRef = 98CB31CC2FE6AEA00029CA7F /* RecentCard.swift */; };
		98CB31FB2FEAB6880029CA7F /* UIImageHelpers.swift in Sources */ = {isa = PBXBuildFile; fileRef = 98CB31FA2FEAB6880029CA7F /* UIImageHelpers.swift */; };
		98CB32012FEC9A5C0029CA7F /* UIColorHelpers.swift in Sources */ = {isa = PBXBuildFile; fileRef = 98CB32002FEC9A5C0029CA7F /* UIColorHelpers.swift */; };
		98CB32032FEC9DDD0029CA7F /* ActionCardView.swift in Sources */ = {isa = PBXBuildFile; fileRef = 98CB32022FEC9DDD0029CA7F /* ActionCardView.swift */; };
		98CB32062FF80E550029CA7F /* CSVService.swift in Sources */ = {isa = PBXBuildFile; fileRef = 98CB32052FF80E550029CA7F /* CSVService.swift */; };
		98CB32082FF80E5D0029CA7F /* CSVExporter.swift in Sources */ = {isa = PBXBuildFile; fileRef = 98CB32072FF80E5D0029CA7F /* CSVExporter.swift */; };
		98CB320A2FF80E650029CA7F /* CSVImporter.swift in Sources */ = {isa = PBXBuildFile; fileRef = 98CB32092FF80E650029CA7F /* CSVImporter.swift */; };
		98CB320C2FF80E730029CA7F /* CSVHeaderMapper.swift in Sources */ = {isa = PBXBuildFile; fileRef = 98CB320B2FF80E730029CA7F /* CSVHeaderMapper.swift */; };
		98CB320E2FF80E7A0029CA7F /* CSVParser.swift in Sources */ = {isa = PBXBuildFile; fileRef = 98CB320D2FF80E7A0029CA7F /* CSVParser.swift */; };
		98CB32102FF80E830029CA7F /* CSVImportResult.swift in Sources */ = {isa = PBXBuildFile; fileRef = 98CB320F2FF80E830029CA7F /* CSVImportResult.swift */; };
		98CB32122FF811240029CA7F /* CSVFormat.swift in Sources */ = {isa = PBXBuildFile; fileRef = 98CB32112FF811240029CA7F /* CSVFormat.swift */; };
		98CB32142FF870730029CA7F /* CardLookupCache.swift in Sources */ = {isa = PBXBuildFile; fileRef = 98CB32132FF870730029CA7F /* CardLookupCache.swift */; };
		98CB32162FF9373F0029CA7F /* CollectionViewModel.swift in Sources */ = {isa = PBXBuildFile; fileRef = 98CB32152FF9373F0029CA7F /* CollectionViewModel.swift */; };
		98CB32182FF937480029CA7F /* CollectionCardCell.swift in Sources */ = {isa = PBXBuildFile; fileRef = 98CB32172FF937480029CA7F /* CollectionCardCell.swift */; };
		98CB321C2FF937600029CA7F /* collectionSectionHeader.swift in Sources */ = {isa = PBXBuildFile; fileRef = 98CB321B2FF937600029CA7F /* collectionSectionHeader.swift */; };
		98CB32222FF939440029CA7F /* PaddingLabel.swift in Sources */ = {isa = PBXBuildFile; fileRef = 98CB32212FF939440029CA7F /* PaddingLabel.swift */; };
		98CB32242FF9395A0029CA7F /* SetSymbolService.swift in Sources */ = {isa = PBXBuildFile; fileRef = 98CB32232FF9395A0029CA7F /* SetSymbolService.swift */; };
		98CB32412FF941140029CA7F /* CarDetailPrintingCell.swift in Sources */ = {isa = PBXBuildFile; fileRef = 98CB32402FF941140029CA7F /* CarDetailPrintingCell.swift */; };
		98CB32432FFAA8940029CA7F /* CollectionDashboardView.swift in Sources */ = {isa = PBXBuildFile; fileRef = 98CB32422FFAA8940029CA7F /* CollectionDashboardView.swift */; };
		98CB32472FFB9E580029CA7F /* DisplayFace.swift in Sources */ = {isa = PBXBuildFile; fileRef = 98CB32462FFB9E580029CA7F /* DisplayFace.swift */; };
		98CB32492FFB9E670029CA7F /* DisplayCard.swift in Sources */ = {isa = PBXBuildFile; fileRef = 98CB32482FFB9E670029CA7F /* DisplayCard.swift */; };
		98CB324B2FFB9E7E0029CA7F /* MTGCard+Display.swift in Sources */ = {isa = PBXBuildFile; fileRef = 98CB324A2FFB9E7E0029CA7F /* MTGCard+Display.swift */; };
		98CB32532FFBCDC70029CA7F /* CollectionEmptyStateView.swift in Sources */ = {isa = PBXBuildFile; fileRef = 98CB32522FFBCDC70029CA7F /* CollectionEmptyStateView.swift */; };
		98CB32552FFBCDDB0029CA7F /* CollectionLayoutFactory.swift in Sources */ = {isa = PBXBuildFile; fileRef = 98CB32542FFBCDDB0029CA7F /* CollectionLayoutFactory.swift */; };
		98CB32572FFBCDE80029CA7F /* CollectionSummary.swift in Sources */ = {isa = PBXBuildFile; fileRef = 98CB32562FFBCDE80029CA7F /* CollectionSummary.swift */; };
		98CB32592FFBCDFA0029CA7F /* CollectionViewController+Layout.swift in Sources */ = {isa = PBXBuildFile; fileRef = 98CB32582FFBCDFA0029CA7F /* CollectionViewController+Layout.swift */; };
		98CB325B2FFBCE020029CA7F /* CollectionViewController+CollectionView.swift in Sources */ = {isa = PBXBuildFile; fileRef = 98CB325A2FFBCE020029CA7F /* CollectionViewController+CollectionView.swift */; };
		98CB325D2FFBCE0B0029CA7F /* CollectionViewController+Search.swift in Sources */ = {isa = PBXBuildFile; fileRef = 98CB325C2FFBCE0B0029CA7F /* CollectionViewController+Search.swift */; };
		98CB325F2FFBCE140029CA7F /* CollectionViewController+Menu.swift in Sources */ = {isa = PBXBuildFile; fileRef = 98CB325E2FFBCE140029CA7F /* CollectionViewController+Menu.swift */; };
		98CB32612FFBCE220029CA7F /* CollectionViewController+ImportExport.swift in Sources */ = {isa = PBXBuildFile; fileRef = 98CB32602FFBCE220029CA7F /* CollectionViewController+ImportExport.swift */; };
		98CB32632FFBCE310029CA7F /* CollectionViewController+Loading.swift in Sources */ = {isa = PBXBuildFile; fileRef = 98CB32622FFBCE310029CA7F /* CollectionViewController+Loading.swift */; };
		98CB32652FFBCE390029CA7F /* CollectionViewController+Alerts.swift in Sources */ = {isa = PBXBuildFile; fileRef = 98CB32642FFBCE380029CA7F /* CollectionViewController+Alerts.swift */; };
		98CB32672FFBCE490029CA7F /* CollectionViewController+Dashboard.swift in Sources */ = {isa = PBXBuildFile; fileRef = 98CB32662FFBCE480029CA7F /* CollectionViewController+Dashboard.swift */; };
		98CB32692FFC660D0029CA7F /* CollectionViewController+Actions.swift in Sources */ = {isa = PBXBuildFile; fileRef = 98CB32682FFC660D0029CA7F /* CollectionViewController+Actions.swift */; };
		98CB32702FFC6B850029CA7F /* CardFilterEngine.swift in Sources */ = {isa = PBXBuildFile; fileRef = 98CB326F2FFC6B850029CA7F /* CardFilterEngine.swift */; };
		98CB32722FFC6B9F0029CA7F /* FormatFilter.swift in Sources */ = {isa = PBXBuildFile; fileRef = 98CB32712FFC6B9F0029CA7F /* FormatFilter.swift */; };
		98CB32752FFC746D0029CA7F /* SearchFilter.swift in Sources */ = {isa = PBXBuildFile; fileRef = 98CB32732FFC74440029CA7F /* SearchFilter.swift */; };
		98EEA85F2FA54A4800EFA5F8 /* ScryfallBulkService.swift in Sources */ = {isa = PBXBuildFile; fileRef = 98EEA85E2FA54A4800EFA5F8 /* ScryfallBulkService.swift */; };
		98EEA8662FA97E0B00EFA5F8 /* StreamingJSONParser.swift in Sources */ = {isa = PBXBuildFile; fileRef = 98EEA8652FA97E0B00EFA5F8 /* StreamingJSONParser.swift */; };
/* End PBXBuildFile section */

/* Begin PBXContainerItemProxy section */
		9879F39D2FFE91210039F2DF /* PBXContainerItemProxy */ = {
			isa = PBXContainerItemProxy;
			containerPortal = 984A43472F7F26D600640EE8 /* Project object */;
			proxyType = 1;
			remoteGlobalIDString = 984A434E2F7F26D600640EE8;
			remoteInfo = TcgScanner;
		};
/* End PBXContainerItemProxy section */

/* Begin PBXFileReference section */
		982414CA2FFD6AD500AB1C14 /* Database.swift */ = {isa = PBXFileReference; lastKnownFileType = sourcecode.swift; path = Database.swift; sourceTree = "<group>"; };
		982414CC2FFD6ADB00AB1C14 /* DatabaseQueue.swift */ = {isa = PBXFileReference; lastKnownFileType = sourcecode.swift; path = DatabaseQueue.swift; sourceTree = "<group>"; };
		982414CE2FFD6AE100AB1C14 /* DatabaseError.swift */ = {isa = PBXFileReference; lastKnownFileType = sourcecode.swift; path = DatabaseError.swift; sourceTree = "<group>"; };
		982414D12FFD6B0500AB1C14 /* SQLiteConnection.swift */ = {isa = PBXFileReference; lastKnownFileType = sourcecode.swift; path = SQLiteConnection.swift; sourceTree = "<group>"; };
		982414D32FFD6B0D00AB1C14 /* SQLiteStatement.swift */ = {isa = PBXFileReference; lastKnownFileType = sourcecode.swift; path = SQLiteStatement.swift; sourceTree = "<group>"; };
		982414D52FFD6B1800AB1C14 /* SQLiteTransaction.swift */ = {isa = PBXFileReference; lastKnownFileType = sourcecode.swift; path = SQLiteTransaction.swift; sourceTree = "<group>"; };
		982414D82FFD6B3100AB1C14 /* CardRepository.swift */ = {isa = PBXFileReference; lastKnownFileType = sourcecode.swift; path = CardRepository.swift; sourceTree = "<group>"; };
		982414DA2FFD6B3900AB1C14 /* FeaturePrintRepository.swift */ = {isa = PBXFileReference; lastKnownFileType = sourcecode.swift; path = FeaturePrintRepository.swift; sourceTree = "<group>"; };
		982414DC2FFD6B4B00AB1C14 /* BulkImportRepository.swift */ = {isa = PBXFileReference; lastKnownFileType = sourcecode.swift; path = BulkImportRepository.swift; sourceTree = "<group>"; };
		982414E12FFD6B7100AB1C14 /* FeatureQueries.swift */ = {isa = PBXFileReference; lastKnownFileType = sourcecode.swift; path = FeatureQueries.swift; sourceTree = "<group>"; };
		982414E72FFD6BA500AB1C14 /* CardRow.swift */ = {isa = PBXFileReference; lastKnownFileType = sourcecode.swift; path = CardRow.swift; sourceTree = "<group>"; };
		982414E92FFD6BB600AB1C14 /* BulDataDownloader.swift */ = {isa = PBXFileReference; lastKnownFileType = sourcecode.swift; path = BulDataDownloader.swift; sourceTree = "<group>"; };
		982414ED2FFD6EC300AB1C14 /* CardQueries.swift */ = {isa = PBXFileReference; lastKnownFileType = sourcecode.swift; path = CardQueries.swift; sourceTree = "<group>"; };
		982414EF2FFD6EDB00AB1C14 /* CardRowMapper.swift */ = {isa = PBXFileReference; lastKnownFileType = sourcecode.swift; path = CardRowMapper.swift; sourceTree = "<group>"; };
		982414F12FFD6EE200AB1C14 /* CardSearch.swift */ = {isa = PBXFileReference; lastKnownFileType = sourcecode.swift; path = CardSearch.swift; sourceTree = "<group>"; };
		982414F32FFD6EE800AB1C14 /* CardLookup.swift */ = {isa = PBXFileReference; lastKnownFileType = sourcecode.swift; path = CardLookup.swift; sourceTree = "<group>"; };
		982414F52FFD6EEF00AB1C14 /* CardStatistics.swift */ = {isa = PBXFileReference; lastKnownFileType = sourcecode.swift; path = CardStatistics.swift; sourceTree = "<group>"; };
		982414F72FFD6EF200AB1C14 /* CardSets.swift */ = {isa = PBXFileReference; lastKnownFileType = sourcecode.swift; path = CardSets.swift; sourceTree = "<group>"; };
		982414F92FFD6EF900AB1C14 /* CardArtists.swift */ = {isa = PBXFileReference; lastKnownFileType = sourcecode.swift; path = CardArtists.swift; sourceTree = "<group>"; };
		982414FB2FFD712B00AB1C14 /* SearchQueryBuilder.swift */ = {isa = PBXFileReference; lastKnownFileType = sourcecode.swift; path = SearchQueryBuilder.swift; sourceTree = "<group>"; };
		986A78512F96E98800EAEBEC /* AppDelegate.swift */ = {isa = PBXFileReference; lastKnownFileType = sourcecode.swift; path = AppDelegate.swift; sourceTree = "<group>"; };
		986A78522F96E98800EAEBEC /* MainTabBarController.swift */ = {isa = PBXFileReference; lastKnownFileType = sourcecode.swift; path = MainTabBarController.swift; sourceTree = "<group>"; };
		986A78542F96E98800EAEBEC /* MTGCard.swift */ = {isa = PBXFileReference; lastKnownFileType = sourcecode.swift; path = MTGCard.swift; sourceTree = "<group>"; };
		986A78562F96E98800EAEBEC /* CardDetailViewController.swift */ = {isa = PBXFileReference; lastKnownFileType = sourcecode.swift; path = CardDetailViewController.swift; sourceTree = "<group>"; };
		986A78582F96E98800EAEBEC /* CollectionViewController.swift */ = {isa = PBXFileReference; lastKnownFileType = sourcecode.swift; path = CollectionViewController.swift; sourceTree = "<group>"; };
		986A785A2F96E98800EAEBEC /* HomeViewController.swift */ = {isa = PBXFileReference; lastKnownFileType = sourcecode.swift; path = HomeViewController.swift; sourceTree = "<group>"; };
		986A785C2F96E98800EAEBEC /* MenuViewController.swift */ = {isa = PBXFileReference; lastKnownFileType = sourcecode.swift; path = MenuViewController.swift; sourceTree = "<group>"; };
		986A785E2F96E98800EAEBEC /* ScannerViewController.swift */ = {isa = PBXFileReference; lastKnownFileType = sourcecode.swift; path = ScannerViewController.swift; sourceTree = "<group>"; };
		986A78602F96E98800EAEBEC /* SearchViewController.swift */ = {isa = PBXFileReference; lastKnownFileType = sourcecode.swift; path = SearchViewController.swift; sourceTree = "<group>"; };
		986A78622F96E98800EAEBEC /* SessionViewController.swift */ = {isa = PBXFileReference; lastKnownFileType = sourcecode.swift; path = SessionViewController.swift; sourceTree = "<group>"; };
		986A78652F96E98800EAEBEC /* CollectionStore.swift */ = {isa = PBXFileReference; lastKnownFileType = sourcecode.swift; path = CollectionStore.swift; sourceTree = "<group>"; };
		986A78672F96E98800EAEBEC /* SessionStore.swift */ = {isa = PBXFileReference; lastKnownFileType = sourcecode.swift; path = SessionStore.swift; sourceTree = "<group>"; };
		986A78AC2F96EBD900EAEBEC /* ScannerViewModel.swift */ = {isa = PBXFileReference; lastKnownFileType = sourcecode.swift; path = ScannerViewModel.swift; sourceTree = "<group>"; };
		986A78AE2F96EBEA00EAEBEC /* ScannerOverlayView.swift */ = {isa = PBXFileReference; lastKnownFileType = sourcecode.swift; path = ScannerOverlayView.swift; sourceTree = "<group>"; };
		986A78B02F96EBFD00EAEBEC /* CameraService.swift */ = {isa = PBXFileReference; lastKnownFileType = sourcecode.swift; path = CameraService.swift; sourceTree = "<group>"; };
		986A78B22F96EC1400EAEBEC /* OCRService.swift */ = {isa = PBXFileReference; lastKnownFileType = sourcecode.swift; path = OCRService.swift; sourceTree = "<group>"; };
		986A78B42F96EC2300EAEBEC /* ScryfallService.swift */ = {isa = PBXFileReference; lastKnownFileType = sourcecode.swift; path = ScryfallService.swift; sourceTree = "<group>"; };
		986A78BA2F96EC5F00EAEBEC /* LaunchScreen.storyboard */ = {isa = PBXFileReference; lastKnownFileType = file.storyboard; name = LaunchScreen.storyboard; path = Base.lproj/LaunchScreen.storyboard; sourceTree = "<group>"; };
		9875E0D92F96FB0F002929D0 /* SceneDelegate.swift */ = {isa = PBXFileReference; lastKnownFileType = sourcecode.swift; path = SceneDelegate.swift; sourceTree = "<group>"; };
		9875E0DB2F96FC62002929D0 /* TcgScanner.app */ = {isa = PBXFileReference; explicitFileType = wrapper.application; includeInIndex = 0; path = TcgScanner.app; sourceTree = BUILT_PRODUCTS_DIR; };
		9879F37A2FFE6FF10039F2DF /* LifeCounterViewController.swift */ = {isa = PBXFileReference; lastKnownFileType = sourcecode.swift; path = LifeCounterViewController.swift; sourceTree = "<group>"; };
		9879F3992FFE91210039F2DF /* TcgScannerUnitTests.xctest */ = {isa = PBXFileReference; explicitFileType = wrapper.cfbundle; includeInIndex = 0; path = TcgScannerUnitTests.xctest; sourceTree = BUILT_PRODUCTS_DIR; };
		9879F3B42FFE9DC80039F2DF /* SearchFilter+UIKit.swift */ = {isa = PBXFileReference; lastKnownFileType = sourcecode.swift; path = "SearchFilter+UIKit.swift"; sourceTree = "<group>"; };
		9879F3B62FFEB32B0039F2DF /* ImageLoader.swift */ = {isa = PBXFileReference; lastKnownFileType = sourcecode.swift; path = ImageLoader.swift; sourceTree = "<group>"; };
		9879F3B82FFF04CC0039F2DF /* ScannerLanguage.swift */ = {isa = PBXFileReference; lastKnownFileType = sourcecode.swift; path = ScannerLanguage.swift; sourceTree = "<group>"; };
		9879F3BB2FFF092D0039F2DF /* CurrencySettings.swift */ = {isa = PBXFileReference; lastKnownFileType = sourcecode.swift; path = CurrencySettings.swift; sourceTree = "<group>"; };
		9879F3BD2FFF093D0039F2DF /* ExchangeRateService.swift */ = {isa = PBXFileReference; lastKnownFileType = sourcecode.swift; path = ExchangeRateService.swift; sourceTree = "<group>"; };
		9879F3BF2FFF09490039F2DF /* PriceFormatter.swift */ = {isa = PBXFileReference; lastKnownFileType = sourcecode.swift; path = PriceFormatter.swift; sourceTree = "<group>"; };
		9879F3C22FFFB8BB0039F2DF /* CardLanguageSettings.swift */ = {isa = PBXFileReference; lastKnownFileType = sourcecode.swift; path = CardLanguageSettings.swift; sourceTree = "<group>"; };
		98CB316C2FD1875B0029CA7F /* SettingsViewController.swift */ = {isa = PBXFileReference; lastKnownFileType = sourcecode.swift; path = SettingsViewController.swift; sourceTree = "<group>"; };
		98CB316F2FD1E7D40029CA7F /* CardSearchViewModel.swift */ = {isa = PBXFileReference; lastKnownFileType = sourcecode.swift; path = CardSearchViewModel.swift; sourceTree = "<group>"; };
		98CB31712FD1E8740029CA7F /* CardSearchCell.swift */ = {isa = PBXFileReference; lastKnownFileType = sourcecode.swift; path = CardSearchCell.swift; sourceTree = "<group>"; };
		98CB31772FD45F4C0029CA7F /* CardFilterViewController.swift */ = {isa = PBXFileReference; lastKnownFileType = sourcecode.swift; path = CardFilterViewController.swift; sourceTree = "<group>"; };
		98CB31822FDA04B60029CA7F /* SplashViewController.swift */ = {isa = PBXFileReference; lastKnownFileType = sourcecode.swift; path = SplashViewController.swift; sourceTree = "<group>"; };
		98CB31862FDC47190029CA7F /* FilterManaCostRowCell.swift */ = {isa = PBXFileReference; lastKnownFileType = sourcecode.swift; path = FilterManaCostRowCell.swift; sourceTree = "<group>"; };
		98CB31892FDC5A6E0029CA7F /* FilterColorCell.swift */ = {isa = PBXFileReference; lastKnownFileType = sourcecode.swift; path = FilterColorCell.swift; sourceTree = "<group>"; };
		98CB318B2FDC5E0C0029CA7F /* FilterColorModeCell.swift */ = {isa = PBXFileReference; lastKnownFileType = sourcecode.swift; path = FilterColorModeCell.swift; sourceTree = "<group>"; };
		98CB318F2FE171F40029CA7F /* VisionFeaturePrintService.swift */ = {isa = PBXFileReference; lastKnownFileType = sourcecode.swift; path = VisionFeaturePrintService.swift; sourceTree = "<group>"; };
		98CB31992FE311680029CA7F /* CardRectangularDetector.swift */ = {isa = PBXFileReference; lastKnownFileType = sourcecode.swift; path = CardRectangularDetector.swift; sourceTree = "<group>"; };
		98CB319B2FE311740029CA7F /* CardCaptureService.swift */ = {isa = PBXFileReference; lastKnownFileType = sourcecode.swift; path = CardCaptureService.swift; sourceTree = "<group>"; };
		98CB319D2FE311820029CA7F /* CardNameRecognizer.swift */ = {isa = PBXFileReference; lastKnownFileType = sourcecode.swift; path = CardNameRecognizer.swift; sourceTree = "<group>"; };
		98CB31B62FE460BB0029CA7F /* PrintingSelectionOverlayView.swift */ = {isa = PBXFileReference; lastKnownFileType = sourcecode.swift; path = PrintingSelectionOverlayView.swift; sourceTree = "<group>"; };
		98CB31B82FE463380029CA7F /* AddCardOverlayView.swift */ = {isa = PBXFileReference; lastKnownFileType = sourcecode.swift; path = AddCardOverlayView.swift; sourceTree = "<group>"; };
		98CB31BA2FE5F8980029CA7F /* MTGCard+Legalities.swift */ = {isa = PBXFileReference; lastKnownFileType = sourcecode.swift; path = "MTGCard+Legalities.swift"; sourceTree = "<group>"; };
		98CB31BC2FE5F8A00029CA7F /* CollectionEntry.swift */ = {isa = PBXFileReference; lastKnownFileType = sourcecode.swift; path = CollectionEntry.swift; sourceTree = "<group>"; };
		98CB31BE2FE5F8A80029CA7F /* SessionEntry.swift */ = {isa = PBXFileReference; lastKnownFileType = sourcecode.swift; path = SessionEntry.swift; sourceTree = "<group>"; };
		98CB31C02FE5F8AF0029CA7F /* CardCondition.swift */ = {isa = PBXFileReference; lastKnownFileType = sourcecode.swift; path = CardCondition.swift; sourceTree = "<group>"; };
		98CB31C22FE5F91A0029CA7F /* SettingsCell.swift */ = {isa = PBXFileReference; lastKnownFileType = sourcecode.swift; path = SettingsCell.swift; sourceTree = "<group>"; };
		98CB31C42FE5F93C0029CA7F /* BulkDataCell.swift */ = {isa = PBXFileReference; lastKnownFileType = sourcecode.swift; path = BulkDataCell.swift; sourceTree = "<group>"; };
		98CB31C62FE5F95E0029CA7F /* SettingsOptionsCell.swift */ = {isa = PBXFileReference; lastKnownFileType = sourcecode.swift; path = SettingsOptionsCell.swift; sourceTree = "<group>"; };
		98CB31C82FE6ACE50029CA7F /* RecentlyViewedStore.swift */ = {isa = PBXFileReference; lastKnownFileType = sourcecode.swift; path = RecentlyViewedStore.swift; sourceTree = "<group>"; };
		98CB31CA2FE6ADC20029CA7F /* RecentCardCell.swift */ = {isa = PBXFileReference; lastKnownFileType = sourcecode.swift; path = RecentCardCell.swift; sourceTree = "<group>"; };
		98CB31CC2FE6AEA00029CA7F /* RecentCard.swift */ = {isa = PBXFileReference; lastKnownFileType = sourcecode.swift; path = RecentCard.swift; sourceTree = "<group>"; };
		98CB31FA2FEAB6880029CA7F /* UIImageHelpers.swift */ = {isa = PBXFileReference; lastKnownFileType = sourcecode.swift; path = UIImageHelpers.swift; sourceTree = "<group>"; };
		98CB32002FEC9A5C0029CA7F /* UIColorHelpers.swift */ = {isa = PBXFileReference; lastKnownFileType = sourcecode.swift; path = UIColorHelpers.swift; sourceTree = "<group>"; };
		98CB32022FEC9DDD0029CA7F /* ActionCardView.swift */ = {isa = PBXFileReference; lastKnownFileType = sourcecode.swift; path = ActionCardView.swift; sourceTree = "<group>"; };
		98CB32052FF80E550029CA7F /* CSVService.swift */ = {isa = PBXFileReference; lastKnownFileType = sourcecode.swift; path = CSVService.swift; sourceTree = "<group>"; };
		98CB32072FF80E5D0029CA7F /* CSVExporter.swift */ = {isa = PBXFileReference; lastKnownFileType = sourcecode.swift; path = CSVExporter.swift; sourceTree = "<group>"; };
		98CB32092FF80E650029CA7F /* CSVImporter.swift */ = {isa = PBXFileReference; lastKnownFileType = sourcecode.swift; path = CSVImporter.swift; sourceTree = "<group>"; };
		98CB320B2FF80E730029CA7F /* CSVHeaderMapper.swift */ = {isa = PBXFileReference; lastKnownFileType = sourcecode.swift; path = CSVHeaderMapper.swift; sourceTree = "<group>"; };
		98CB320D2FF80E7A0029CA7F /* CSVParser.swift */ = {isa = PBXFileReference; lastKnownFileType = sourcecode.swift; path = CSVParser.swift; sourceTree = "<group>"; };
		98CB320F2FF80E830029CA7F /* CSVImportResult.swift */ = {isa = PBXFileReference; lastKnownFileType = sourcecode.swift; path = CSVImportResult.swift; sourceTree = "<group>"; };
		98CB32112FF811240029CA7F /* CSVFormat.swift */ = {isa = PBXFileReference; lastKnownFileType = sourcecode.swift; path = CSVFormat.swift; sourceTree = "<group>"; };
		98CB32132FF870730029CA7F /* CardLookupCache.swift */ = {isa = PBXFileReference; lastKnownFileType = sourcecode.swift; path = CardLookupCache.swift; sourceTree = "<group>"; };
		98CB32152FF9373F0029CA7F /* CollectionViewModel.swift */ = {isa = PBXFileReference; lastKnownFileType = sourcecode.swift; path = CollectionViewModel.swift; sourceTree = "<group>"; };
		98CB32172FF937480029CA7F /* CollectionCardCell.swift */ = {isa = PBXFileReference; lastKnownFileType = sourcecode.swift; path = CollectionCardCell.swift; sourceTree = "<group>"; };
		98CB321B2FF937600029CA7F /* collectionSectionHeader.swift */ = {isa = PBXFileReference; lastKnownFileType = sourcecode.swift; path = collectionSectionHeader.swift; sourceTree = "<group>"; };
		98CB32212FF939440029CA7F /* PaddingLabel.swift */ = {isa = PBXFileReference; lastKnownFileType = sourcecode.swift; path = PaddingLabel.swift; sourceTree = "<group>"; };
		98CB32232FF9395A0029CA7F /* SetSymbolService.swift */ = {isa = PBXFileReference; lastKnownFileType = sourcecode.swift; path = SetSymbolService.swift; sourceTree = "<group>"; };
		98CB32402FF941140029CA7F /* CarDetailPrintingCell.swift */ = {isa = PBXFileReference; lastKnownFileType = sourcecode.swift; path = CarDetailPrintingCell.swift; sourceTree = "<group>"; };
		98CB32422FFAA8940029CA7F /* CollectionDashboardView.swift */ = {isa = PBXFileReference; lastKnownFileType = sourcecode.swift; path = CollectionDashboardView.swift; sourceTree = "<group>"; };
		98CB32462FFB9E580029CA7F /* DisplayFace.swift */ = {isa = PBXFileReference; lastKnownFileType = sourcecode.swift; path = DisplayFace.swift; sourceTree = "<group>"; };
		98CB32482FFB9E670029CA7F /* DisplayCard.swift */ = {isa = PBXFileReference; lastKnownFileType = sourcecode.swift; path = DisplayCard.swift; sourceTree = "<group>"; };
		98CB324A2FFB9E7E0029CA7F /* MTGCard+Display.swift */ = {isa = PBXFileReference; lastKnownFileType = sourcecode.swift; path = "MTGCard+Display.swift"; sourceTree = "<group>"; };
		98CB32522FFBCDC70029CA7F /* CollectionEmptyStateView.swift */ = {isa = PBXFileReference; lastKnownFileType = sourcecode.swift; path = CollectionEmptyStateView.swift; sourceTree = "<group>"; };
		98CB32542FFBCDDB0029CA7F /* CollectionLayoutFactory.swift */ = {isa = PBXFileReference; lastKnownFileType = sourcecode.swift; path = CollectionLayoutFactory.swift; sourceTree = "<group>"; };
		98CB32562FFBCDE80029CA7F /* CollectionSummary.swift */ = {isa = PBXFileReference; lastKnownFileType = sourcecode.swift; path = CollectionSummary.swift; sourceTree = "<group>"; };
		98CB32582FFBCDFA0029CA7F /* CollectionViewController+Layout.swift */ = {isa = PBXFileReference; lastKnownFileType = sourcecode.swift; path = "CollectionViewController+Layout.swift"; sourceTree = "<group>"; };
		98CB325A2FFBCE020029CA7F /* CollectionViewController+CollectionView.swift */ = {isa = PBXFileReference; lastKnownFileType = sourcecode.swift; path = "CollectionViewController+CollectionView.swift"; sourceTree = "<group>"; };
		98CB325C2FFBCE0B0029CA7F /* CollectionViewController+Search.swift */ = {isa = PBXFileReference; lastKnownFileType = sourcecode.swift; path = "CollectionViewController+Search.swift"; sourceTree = "<group>"; };
		98CB325E2FFBCE140029CA7F /* CollectionViewController+Menu.swift */ = {isa = PBXFileReference; lastKnownFileType = sourcecode.swift; path = "CollectionViewController+Menu.swift"; sourceTree = "<group>"; };
		98CB32602FFBCE220029CA7F /* CollectionViewController+ImportExport.swift */ = {isa = PBXFileReference; lastKnownFileType = sourcecode.swift; path = "CollectionViewController+ImportExport.swift"; sourceTree = "<group>"; };
		98CB32622FFBCE310029CA7F /* CollectionViewController+Loading.swift */ = {isa = PBXFileReference; lastKnownFileType = sourcecode.swift; path = "CollectionViewController+Loading.swift"; sourceTree = "<group>"; };
		98CB32642FFBCE380029CA7F /* CollectionViewController+Alerts.swift */ = {isa = PBXFileReference; lastKnownFileType = sourcecode.swift; path = "CollectionViewController+Alerts.swift"; sourceTree = "<group>"; };
		98CB32662FFBCE480029CA7F /* CollectionViewController+Dashboard.swift */ = {isa = PBXFileReference; lastKnownFileType = sourcecode.swift; path = "CollectionViewController+Dashboard.swift"; sourceTree = "<group>"; };
		98CB32682FFC660D0029CA7F /* CollectionViewController+Actions.swift */ = {isa = PBXFileReference; lastKnownFileType = sourcecode.swift; path = "CollectionViewController+Actions.swift"; sourceTree = "<group>"; };
		98CB326F2FFC6B850029CA7F /* CardFilterEngine.swift */ = {isa = PBXFileReference; lastKnownFileType = sourcecode.swift; path = CardFilterEngine.swift; sourceTree = "<group>"; };
		98CB32712FFC6B9F0029CA7F /* FormatFilter.swift */ = {isa = PBXFileReference; lastKnownFileType = sourcecode.swift; path = FormatFilter.swift; sourceTree = "<group>"; };
		98CB32732FFC74440029CA7F /* SearchFilter.swift */ = {isa = PBXFileReference; lastKnownFileType = sourcecode.swift; path = SearchFilter.swift; sourceTree = "<group>"; };
		98EEA85E2FA54A4800EFA5F8 /* ScryfallBulkService.swift */ = {isa = PBXFileReference; lastKnownFileType = sourcecode.swift; path = ScryfallBulkService.swift; sourceTree = "<group>"; };
		98EEA8652FA97E0B00EFA5F8 /* StreamingJSONParser.swift */ = {isa = PBXFileReference; lastKnownFileType = sourcecode.swift; path = StreamingJSONParser.swift; sourceTree = "<group>"; };
/* End PBXFileReference section */

/* Begin PBXFileSystemSynchronizedBuildFileExceptionSet section */
		98CB31742FD3A3C00029CA7F /* Exceptions for "Supporting" folder in "TcgScanner" target */ = {
			isa = PBXFileSystemSynchronizedBuildFileExceptionSet;
			membershipExceptions = (
				Assets.xcassets,
			);
			target = 984A434E2F7F26D600640EE8 /* TcgScanner */;
		};
/* End PBXFileSystemSynchronizedBuildFileExceptionSet section */

/* Begin PBXFileSystemSynchronizedRootGroup section */
		986A78B82F96EC4F00EAEBEC /* Supporting */ = {
			isa = PBXFileSystemSynchronizedRootGroup;
			exceptions = (
				98CB31742FD3A3C00029CA7F /* Exceptions for "Supporting" folder in "TcgScanner" target */,
			);
			path = Supporting;
			sourceTree = "<group>";
		};
		9875E0D82F96FAB0002929D0 /* Resources */ = {
			isa = PBXFileSystemSynchronizedRootGroup;
			path = Resources;
			sourceTree = "<group>";
		};
		9879F39A2FFE91210039F2DF /* TcgScannerUnitTests */ = {
			isa = PBXFileSystemSynchronizedRootGroup;
			path = TcgScannerUnitTests;
			sourceTree = "<group>";
		};
		98CB319F2FE313440029CA7F /* CardDatabase */ = {
			isa = PBXFileSystemSynchronizedRootGroup;
			path = CardDatabase;
			sourceTree = "<group>";
		};
		98EEA8642FA97C6900EFA5F8 /* SetPicker */ = {
			isa = PBXFileSystemSynchronizedRootGroup;
			path = SetPicker;
			sourceTree = "<group>";
		};
/* End PBXFileSystemSynchronizedRootGroup section */

/* Begin PBXFrameworksBuildPhase section */
		984A434C2F7F26D600640EE8 /* Frameworks */ = {
			isa = PBXFrameworksBuildPhase;
			buildActionMask = 2147483647;
			files = (
			);
			runOnlyForDeploymentPostprocessing = 0;
		};
		9879F3962FFE91210039F2DF /* Frameworks */ = {
			isa = PBXFrameworksBuildPhase;
			buildActionMask = 2147483647;
			files = (
			);
			runOnlyForDeploymentPostprocessing = 0;
		};
/* End PBXFrameworksBuildPhase section */

/* Begin PBXGroup section */
		982414C92FFD6AC000AB1C14 /* Database */ = {
			isa = PBXGroup;
			children = (
				982414EB2FFD6E3C00AB1C14 /* Core */,
				982414D02FFD6AEC00AB1C14 /* SQLite */,
				982414D72FFD6B1E00AB1C14 /* Repositories */,
				982414EC2FFD6EB500AB1C14 /* Cards */,
			);
			path = Database;
			sourceTree = "<group>";
		};
		982414D02FFD6AEC00AB1C14 /* SQLite */ = {
			isa = PBXGroup;
			children = (
				982414D12FFD6B0500AB1C14 /* SQLiteConnection.swift */,
				982414D32FFD6B0D00AB1C14 /* SQLiteStatement.swift */,
				982414D52FFD6B1800AB1C14 /* SQLiteTransaction.swift */,
			);
			path = SQLite;
			sourceTree = "<group>";
		};
		982414D72FFD6B1E00AB1C14 /* Repositories */ = {
			isa = PBXGroup;
			children = (
				982414D82FFD6B3100AB1C14 /* CardRepository.swift */,
				982414DA2FFD6B3900AB1C14 /* FeaturePrintRepository.swift */,
				982414DC2FFD6B4B00AB1C14 /* BulkImportRepository.swift */,
			);
			path = Repositories;
			sourceTree = "<group>";
		};
		982414DE2FFD6B5800AB1C14 /* Queries */ = {
			isa = PBXGroup;
			children = (
				982414E12FFD6B7100AB1C14 /* FeatureQueries.swift */,
			);
			path = Queries;
			sourceTree = "<group>";
		};
		982414EB2FFD6E3C00AB1C14 /* Core */ = {
			isa = PBXGroup;
			children = (
				982414CA2FFD6AD500AB1C14 /* Database.swift */,
				982414CC2FFD6ADB00AB1C14 /* DatabaseQueue.swift */,
				982414CE2FFD6AE100AB1C14 /* DatabaseError.swift */,
			);
			path = Core;
			sourceTree = "<group>";
		};
		982414EC2FFD6EB500AB1C14 /* Cards */ = {
			isa = PBXGroup;
			children = (
				982414ED2FFD6EC300AB1C14 /* CardQueries.swift */,
				982414EF2FFD6EDB00AB1C14 /* CardRowMapper.swift */,
				982414F12FFD6EE200AB1C14 /* CardSearch.swift */,
				982414FB2FFD712B00AB1C14 /* SearchQueryBuilder.swift */,
				982414F32FFD6EE800AB1C14 /* CardLookup.swift */,
				982414F72FFD6EF200AB1C14 /* CardSets.swift */,
				982414F92FFD6EF900AB1C14 /* CardArtists.swift */,
				982414F52FFD6EEF00AB1C14 /* CardStatistics.swift */,
			);
			path = Cards;
			sourceTree = "<group>";
		};
		984A43462F7F26D600640EE8 = {
			isa = PBXGroup;
			children = (
				986A78692F96E98800EAEBEC /* MTGScanner */,
				986A78B82F96EC4F00EAEBEC /* Supporting */,
				9875E0D82F96FAB0002929D0 /* Resources */,
				986A78BB2F96EC5F00EAEBEC /* LaunchScreen.storyboard */,
				9875E0DB2F96FC62002929D0 /* TcgScanner.app */,
				9879F3992FFE91210039F2DF /* TcgScannerUnitTests.xctest */,
				9879F39A2FFE91210039F2DF /* TcgScannerUnitTests */,
			);
			sourceTree = "<group>";
		};
		986A78532F96E98800EAEBEC /* App */ = {
			isa = PBXGroup;
			children = (
				986A78512F96E98800EAEBEC /* AppDelegate.swift */,
				9875E0D92F96FB0F002929D0 /* SceneDelegate.swift */,
				986A78522F96E98800EAEBEC /* MainTabBarController.swift */,
				98CB31822FDA04B60029CA7F /* SplashViewController.swift */,
			);
			path = App;
			sourceTree = "<group>";
		};
		986A78552F96E98800EAEBEC /* Models */ = {
			isa = PBXGroup;
			children = (
				986A78542F96E98800EAEBEC /* MTGCard.swift */,
				98CB32462FFB9E580029CA7F /* DisplayFace.swift */,
				98CB32482FFB9E670029CA7F /* DisplayCard.swift */,
				98CB324A2FFB9E7E0029CA7F /* MTGCard+Display.swift */,
				98CB31BA2FE5F8980029CA7F /* MTGCard+Legalities.swift */,
				98CB31BC2FE5F8A00029CA7F /* CollectionEntry.swift */,
				982414E72FFD6BA500AB1C14 /* CardRow.swift */,
				98CB31BE2FE5F8A80029CA7F /* SessionEntry.swift */,
				98CB31C02FE5F8AF0029CA7F /* CardCondition.swift */,
			);
			path = Models;
			sourceTree = "<group>";
		};
		986A78572F96E98800EAEBEC /* CardDetail */ = {
			isa = PBXGroup;
			children = (
				986A78562F96E98800EAEBEC /* CardDetailViewController.swift */,
				98CB32402FF941140029CA7F /* CarDetailPrintingCell.swift */,
			);
			path = CardDetail;
			sourceTree = "<group>";
		};
		986A78592F96E98800EAEBEC /* Collection */ = {
			isa = PBXGroup;
			children = (
				98CB32512FFBCD9B0029CA7F /* Helpers */,
				98CB32502FFBCD960029CA7F /* Models */,
				98CB324F2FFBCD8E0029CA7F /* Extensions */,
				98CB324E2FFBCD870029CA7F /* Views */,
			);
			path = Collection;
			sourceTree = "<group>";
		};
		986A785B2F96E98800EAEBEC /* Home */ = {
			isa = PBXGroup;
			children = (
				986A785A2F96E98800EAEBEC /* HomeViewController.swift */,
				98CB32022FEC9DDD0029CA7F /* ActionCardView.swift */,
				98CB31CA2FE6ADC20029CA7F /* RecentCardCell.swift */,
				9879F37A2FFE6FF10039F2DF /* LifeCounterViewController.swift */,
			);
			path = Home;
			sourceTree = "<group>";
		};
		986A785D2F96E98800EAEBEC /* Menu */ = {
			isa = PBXGroup;
			children = (
				986A785C2F96E98800EAEBEC /* MenuViewController.swift */,
				98CB31C22FE5F91A0029CA7F /* SettingsCell.swift */,
				98CB31C42FE5F93C0029CA7F /* BulkDataCell.swift */,
				98CB316E2FD187660029CA7F /* Menu Options */,
			);
			path = Menu;
			sourceTree = "<group>";
		};
		986A785F2F96E98800EAEBEC /* Scanner */ = {
			isa = PBXGroup;
			children = (
				986A785E2F96E98800EAEBEC /* ScannerViewController.swift */,
				98CB31B62FE460BB0029CA7F /* PrintingSelectionOverlayView.swift */,
				98CB31B82FE463380029CA7F /* AddCardOverlayView.swift */,
				986A78AC2F96EBD900EAEBEC /* ScannerViewModel.swift */,
				986A78AE2F96EBEA00EAEBEC /* ScannerOverlayView.swift */,
				9879F3B82FFF04CC0039F2DF /* ScannerLanguage.swift */,
			);
			path = Scanner;
			sourceTree = "<group>";
		};
		986A78612F96E98800EAEBEC /* Search */ = {
			isa = PBXGroup;
			children = (
				986A78602F96E98800EAEBEC /* SearchViewController.swift */,
				98CB316F2FD1E7D40029CA7F /* CardSearchViewModel.swift */,
				98CB31712FD1E8740029CA7F /* CardSearchCell.swift */,
				98CB31772FD45F4C0029CA7F /* CardFilterViewController.swift */,
				98CB31882FDC5A5D0029CA7F /* FilterCells */,
			);
			path = Search;
			sourceTree = "<group>";
		};
		986A78632F96E98800EAEBEC /* Session */ = {
			isa = PBXGroup;
			children = (
				986A78622F96E98800EAEBEC /* SessionViewController.swift */,
			);
			path = Session;
			sourceTree = "<group>";
		};
		986A78642F96E98800EAEBEC /* Modules */ = {
			isa = PBXGroup;
			children = (
				986A78572F96E98800EAEBEC /* CardDetail */,
				986A78592F96E98800EAEBEC /* Collection */,
				986A785B2F96E98800EAEBEC /* Home */,
				986A785D2F96E98800EAEBEC /* Menu */,
				986A785F2F96E98800EAEBEC /* Scanner */,
				986A78612F96E98800EAEBEC /* Search */,
				986A78632F96E98800EAEBEC /* Session */,
			);
			path = Modules;
			sourceTree = "<group>";
		};
		986A78682F96E98800EAEBEC /* Services */ = {
			isa = PBXGroup;
			children = (
				986A78652F96E98800EAEBEC /* CollectionStore.swift */,
				982414E92FFD6BB600AB1C14 /* BulDataDownloader.swift */,
				98CB326A2FFC6B4D0029CA7F /* Shared */,
				986A78B02F96EBFD00EAEBEC /* CameraService.swift */,
				98CB31982FE3114C0029CA7F /* OCR */,
				98CB319F2FE313440029CA7F /* CardDatabase */,
				98CB318F2FE171F40029CA7F /* VisionFeaturePrintService.swift */,
				98CB31C82FE6ACE50029CA7F /* RecentlyViewedStore.swift */,
				98CB31CC2FE6AEA00029CA7F /* RecentCard.swift */,
				98EEA85E2FA54A4800EFA5F8 /* ScryfallBulkService.swift */,
				98EEA8652FA97E0B00EFA5F8 /* StreamingJSONParser.swift */,
				986A78B42F96EC2300EAEBEC /* ScryfallService.swift */,
				98CB32042FF80E400029CA7F /* CSV */,
				986A78672F96E98800EAEBEC /* SessionStore.swift */,
				98CB32232FF9395A0029CA7F /* SetSymbolService.swift */,
				98CB32212FF939440029CA7F /* PaddingLabel.swift */,
				98CB31FA2FEAB6880029CA7F /* UIImageHelpers.swift */,
				98CB32132FF870730029CA7F /* CardLookupCache.swift */,
				98CB32002FEC9A5C0029CA7F /* UIColorHelpers.swift */,
				9879F3B62FFEB32B0039F2DF /* ImageLoader.swift */,
				9879F3BA2FFF09240039F2DF /* Pricing */,
				9879F3C12FFFB8AE0039F2DF /* Localization */,
			);
			path = Services;
			sourceTree = "<group>";
		};
		986A78692F96E98800EAEBEC /* MTGScanner */ = {
			isa = PBXGroup;
			children = (
				986A78532F96E98800EAEBEC /* App */,
				986A78552F96E98800EAEBEC /* Models */,
				986A78642F96E98800EAEBEC /* Modules */,
				98EEA8642FA97C6900EFA5F8 /* SetPicker */,
				982414C92FFD6AC000AB1C14 /* Database */,
				982414DE2FFD6B5800AB1C14 /* Queries */,
				986A78682F96E98800EAEBEC /* Services */,
			);
			path = MTGScanner;
			sourceTree = "<group>";
		};
		9879F3BA2FFF09240039F2DF /* Pricing */ = {
			isa = PBXGroup;
			children = (
				9879F3BB2FFF092D0039F2DF /* CurrencySettings.swift */,
				9879F3BD2FFF093D0039F2DF /* ExchangeRateService.swift */,
				9879F3BF2FFF09490039F2DF /* PriceFormatter.swift */,
			);
			path = Pricing;
			sourceTree = "<group>";
		};
		9879F3C12FFFB8AE0039F2DF /* Localization */ = {
			isa = PBXGroup;
			children = (
				9879F3C22FFFB8BB0039F2DF /* CardLanguageSettings.swift */,
			);
			path = Localization;
			sourceTree = "<group>";
		};
		98CB316E2FD187660029CA7F /* Menu Options */ = {
			isa = PBXGroup;
			children = (
				98CB316C2FD1875B0029CA7F /* SettingsViewController.swift */,
				98CB31C62FE5F95E0029CA7F /* SettingsOptionsCell.swift */,
			);
			path = "Menu Options";
			sourceTree = "<group>";
		};
		98CB31882FDC5A5D0029CA7F /* FilterCells */ = {
			isa = PBXGroup;
			children = (
				98CB31862FDC47190029CA7F /* FilterManaCostRowCell.swift */,
				98CB31892FDC5A6E0029CA7F /* FilterColorCell.swift */,
				98CB318B2FDC5E0C0029CA7F /* FilterColorModeCell.swift */,
			);
			path = FilterCells;
			sourceTree = "<group>";
		};
		98CB31982FE3114C0029CA7F /* OCR */ = {
			isa = PBXGroup;
			children = (
				986A78B22F96EC1400EAEBEC /* OCRService.swift */,
				98CB31992FE311680029CA7F /* CardRectangularDetector.swift */,
				98CB319B2FE311740029CA7F /* CardCaptureService.swift */,
				98CB319D2FE311820029CA7F /* CardNameRecognizer.swift */,
			);
			path = OCR;
			sourceTree = "<group>";
		};
		98CB32042FF80E400029CA7F /* CSV */ = {
			isa = PBXGroup;
			children = (
				98CB32052FF80E550029CA7F /* CSVService.swift */,
				98CB32072FF80E5D0029CA7F /* CSVExporter.swift */,
				98CB32092FF80E650029CA7F /* CSVImporter.swift */,
				98CB320B2FF80E730029CA7F /* CSVHeaderMapper.swift */,
				98CB320D2FF80E7A0029CA7F /* CSVParser.swift */,
				98CB320F2FF80E830029CA7F /* CSVImportResult.swift */,
				98CB32112FF811240029CA7F /* CSVFormat.swift */,
			);
			path = CSV;
			sourceTree = "<group>";
		};
		98CB324E2FFBCD870029CA7F /* Views */ = {
			isa = PBXGroup;
			children = (
				98CB32172FF937480029CA7F /* CollectionCardCell.swift */,
				98CB321B2FF937600029CA7F /* collectionSectionHeader.swift */,
				986A78582F96E98800EAEBEC /* CollectionViewController.swift */,
				98CB32522FFBCDC70029CA7F /* CollectionEmptyStateView.swift */,
				98CB32422FFAA8940029CA7F /* CollectionDashboardView.swift */,
			);
			path = Views;
			sourceTree = "<group>";
		};
		98CB324F2FFBCD8E0029CA7F /* Extensions */ = {
			isa = PBXGroup;
			children = (
				98CB32582FFBCDFA0029CA7F /* CollectionViewController+Layout.swift */,
				98CB325A2FFBCE020029CA7F /* CollectionViewController+CollectionView.swift */,
				98CB325C2FFBCE0B0029CA7F /* CollectionViewController+Search.swift */,
				98CB325E2FFBCE140029CA7F /* CollectionViewController+Menu.swift */,
				98CB32602FFBCE220029CA7F /* CollectionViewController+ImportExport.swift */,
				98CB32622FFBCE310029CA7F /* CollectionViewController+Loading.swift */,
				98CB32642FFBCE380029CA7F /* CollectionViewController+Alerts.swift */,
				98CB32682FFC660D0029CA7F /* CollectionViewController+Actions.swift */,
				98CB32662FFBCE480029CA7F /* CollectionViewController+Dashboard.swift */,
			);
			path = Extensions;
			sourceTree = "<group>";
		};
		98CB32502FFBCD960029CA7F /* Models */ = {
			isa = PBXGroup;
			children = (
				98CB32152FF9373F0029CA7F /* CollectionViewModel.swift */,
				98CB32562FFBCDE80029CA7F /* CollectionSummary.swift */,
			);
			path = Models;
			sourceTree = "<group>";
		};
		98CB32512FFBCD9B0029CA7F /* Helpers */ = {
			isa = PBXGroup;
			children = (
				98CB32542FFBCDDB0029CA7F /* CollectionLayoutFactory.swift */,
			);
			path = Helpers;
			sourceTree = "<group>";
		};
		98CB326A2FFC6B4D0029CA7F /* Shared */ = {
			isa = PBXGroup;
			children = (
				98CB326B2FFC6B5C0029CA7F /* Filters */,
			);
			path = Shared;
			sourceTree = "<group>";
		};
		98CB326B2FFC6B5C0029CA7F /* Filters */ = {
			isa = PBXGroup;
			children = (
				98CB326F2FFC6B850029CA7F /* CardFilterEngine.swift */,
				98CB32732FFC74440029CA7F /* SearchFilter.swift */,
				98CB32712FFC6B9F0029CA7F /* FormatFilter.swift */,
				9879F3B42FFE9DC80039F2DF /* SearchFilter+UIKit.swift */,
			);
			path = Filters;
			sourceTree = "<group>";
		};
/* End PBXGroup section */

/* Begin PBXNativeTarget section */
		984A434E2F7F26D600640EE8 /* TcgScanner */ = {
			isa = PBXNativeTarget;
			buildConfigurationList = 984A43622F7F26D800640EE8 /* Build configuration list for PBXNativeTarget "TcgScanner" */;
			buildPhases = (
				984A434B2F7F26D600640EE8 /* Sources */,
				984A434C2F7F26D600640EE8 /* Frameworks */,
				984A434D2F7F26D600640EE8 /* Resources */,
			);
			buildRules = (
			);
			dependencies = (
			);
			fileSystemSynchronizedGroups = (
				98CB319F2FE313440029CA7F /* CardDatabase */,
				98EEA8642FA97C6900EFA5F8 /* SetPicker */,
			);
			name = TcgScanner;
			packageProductDependencies = (
			);
			productName = TcgScanner;
			productReference = 9875E0DB2F96FC62002929D0 /* TcgScanner.app */;
			productType = "com.apple.product-type.application";
		};
		9879F3982FFE91210039F2DF /* TcgScannerUnitTests */ = {
			isa = PBXNativeTarget;
			buildConfigurationList = 9879F39F2FFE91210039F2DF /* Build configuration list for PBXNativeTarget "TcgScannerUnitTests" */;
			buildPhases = (
				9879F3952FFE91210039F2DF /* Sources */,
				9879F3962FFE91210039F2DF /* Frameworks */,
				9879F3972FFE91210039F2DF /* Resources */,
			);
			buildRules = (
			);
			dependencies = (
				9879F39E2FFE91210039F2DF /* PBXTargetDependency */,
			);
			fileSystemSynchronizedGroups = (
				9879F39A2FFE91210039F2DF /* TcgScannerUnitTests */,
			);
			name = TcgScannerUnitTests;
			packageProductDependencies = (
			);
			productName = TcgScannerUnitTests;
			productReference = 9879F3992FFE91210039F2DF /* TcgScannerUnitTests.xctest */;
			productType = "com.apple.product-type.bundle.unit-test";
		};
/* End PBXNativeTarget section */

/* Begin PBXProject section */
		984A43472F7F26D600640EE8 /* Project object */ = {
			isa = PBXProject;
			attributes = {
				BuildIndependentTargetsInParallel = 1;
				LastSwiftUpdateCheck = 2660;
				LastUpgradeCheck = 1600;
				TargetAttributes = {
					984A434E2F7F26D600640EE8 = {
						CreatedOnToolsVersion = 16.0;
					};
					9879F3982FFE91210039F2DF = {
						CreatedOnToolsVersion = 26.6;
						TestTargetID = 984A434E2F7F26D600640EE8;
					};
				};
			};
			buildConfigurationList = 984A434A2F7F26D600640EE8 /* Build configuration list for PBXProject "TcgScanner" */;
			developmentRegion = en;
			hasScannedForEncodings = 0;
			knownRegions = (
				en,
				Base,
			);
			mainGroup = 984A43462F7F26D600640EE8;
			minimizedProjectReferenceProxies = 1;
			preferredProjectObjectVersion = 77;
			productRefGroup = 984A43462F7F26D600640EE8;
			projectDirPath = "";
			projectRoot = "";
			targets = (
				984A434E2F7F26D600640EE8 /* TcgScanner */,
				9879F3982FFE91210039F2DF /* TcgScannerUnitTests */,
			);
		};
/* End PBXProject section */

/* Begin PBXResourcesBuildPhase section */
		984A434D2F7F26D600640EE8 /* Resources */ = {
			isa = PBXResourcesBuildPhase;
			buildActionMask = 2147483647;
			files = (
			);
			runOnlyForDeploymentPostprocessing = 0;
		};
		9879F3972FFE91210039F2DF /* Resources */ = {
			isa = PBXResourcesBuildPhase;
			buildActionMask = 2147483647;
			files = (
			);
			runOnlyForDeploymentPostprocessing = 0;
		};
/* End PBXResourcesBuildPhase section */

/* Begin PBXSourcesBuildPhase section */
		984A434B2F7F26D600640EE8 /* Sources */ = {
			isa = PBXSourcesBuildPhase;
			buildActionMask = 2147483647;
			files = (
				98CB31BB2FE5F8980029CA7F /* MTGCard+Legalities.swift in Sources */,
				98CB321C2FF937600029CA7F /* collectionSectionHeader.swift in Sources */,
				986A787E2F96EA1D00EAEBEC /* MenuViewController.swift in Sources */,
				986A787F2F96EA1D00EAEBEC /* ScannerViewController.swift in Sources */,
				986A78802F96EA1D00EAEBEC /* SearchViewController.swift in Sources */,
				982414F82FFD6EF200AB1C14 /* CardSets.swift in Sources */,
				986A78B32F96EC1400EAEBEC /* OCRService.swift in Sources */,
				9879F3B52FFE9DC80039F2DF /* SearchFilter+UIKit.swift in Sources */,
				98CB32652FFBCE390029CA7F /* CollectionViewController+Alerts.swift in Sources */,
				98CB31BF2FE5F8A80029CA7F /* SessionEntry.swift in Sources */,
				98CB31CB2FE6ADC20029CA7F /* RecentCardCell.swift in Sources */,
				98CB319A2FE311680029CA7F /* CardRectangularDetector.swift in Sources */,
				98CB32182FF937480029CA7F /* CollectionCardCell.swift in Sources */,
				98EEA85F2FA54A4800EFA5F8 /* ScryfallBulkService.swift in Sources */,
				98CB31B72FE460BB0029CA7F /* PrintingSelectionOverlayView.swift in Sources */,
				982414D62FFD6B1800AB1C14 /* SQLiteTransaction.swift in Sources */,
				986A78812F96EA1D00EAEBEC /* SessionViewController.swift in Sources */,
				98CB32692FFC660D0029CA7F /* CollectionViewController+Actions.swift in Sources */,
				9879F37B2FFE6FF10039F2DF /* LifeCounterViewController.swift in Sources */,
				98CB32572FFBCDE80029CA7F /* CollectionSummary.swift in Sources */,
				98CB324B2FFB9E7E0029CA7F /* MTGCard+Display.swift in Sources */,
				98CB325F2FFBCE140029CA7F /* CollectionViewController+Menu.swift in Sources */,
				9879F3C02FFF09490039F2DF /* PriceFormatter.swift in Sources */,
				98CB319E2FE311820029CA7F /* CardNameRecognizer.swift in Sources */,
				986A78B52F96EC2300EAEBEC /* ScryfallService.swift in Sources */,
				986A78822F96EA1D00EAEBEC /* CollectionStore.swift in Sources */,
				98CB32632FFBCE310029CA7F /* CollectionViewController+Loading.swift in Sources */,
				98CB32012FEC9A5C0029CA7F /* UIColorHelpers.swift in Sources */,
				98CB31872FDC47190029CA7F /* FilterManaCostRowCell.swift in Sources */,
				98EEA8662FA97E0B00EFA5F8 /* StreamingJSONParser.swift in Sources */,
				98CB31C92FE6ACE50029CA7F /* RecentlyViewedStore.swift in Sources */,
				982414DB2FFD6B3900AB1C14 /* FeaturePrintRepository.swift in Sources */,
				98CB32062FF80E550029CA7F /* CSVService.swift in Sources */,
				982414D22FFD6B0500AB1C14 /* SQLiteConnection.swift in Sources */,
				98CB31C72FE5F95E0029CA7F /* SettingsOptionsCell.swift in Sources */,
				98CB320E2FF80E7A0029CA7F /* CSVParser.swift in Sources */,
				982414F62FFD6EEF00AB1C14 /* CardStatistics.swift in Sources */,
				986A78842F96EA1D00EAEBEC /* SessionStore.swift in Sources */,
				98CB32552FFBCDDB0029CA7F /* CollectionLayoutFactory.swift in Sources */,
				98CB32492FFB9E670029CA7F /* DisplayCard.swift in Sources */,
				98CB320A2FF80E650029CA7F /* CSVImporter.swift in Sources */,
				982414F02FFD6EDB00AB1C14 /* CardRowMapper.swift in Sources */,
				986A78AD2F96EBD900EAEBEC /* ScannerViewModel.swift in Sources */,
				98CB31C52FE5F93C0029CA7F /* BulkDataCell.swift in Sources */,
				9879F3B92FFF04CC0039F2DF /* ScannerLanguage.swift in Sources */,
				98CB32592FFBCDFA0029CA7F /* CollectionViewController+Layout.swift in Sources */,
				98CB32722FFC6B9F0029CA7F /* FormatFilter.swift in Sources */,
				98CB320C2FF80E730029CA7F /* CSVHeaderMapper.swift in Sources */,
				982414F42FFD6EE800AB1C14 /* CardLookup.swift in Sources */,
				982414CB2FFD6AD500AB1C14 /* Database.swift in Sources */,
				982414EE2FFD6EC300AB1C14 /* CardQueries.swift in Sources */,
				982414EA2FFD6BB600AB1C14 /* BulDataDownloader.swift in Sources */,
				982414D42FFD6B0D00AB1C14 /* SQLiteStatement.swift in Sources */,
				982414E82FFD6BA500AB1C14 /* CardRow.swift in Sources */,
				986A78B12F96EBFD00EAEBEC /* CameraService.swift in Sources */,
				98CB32222FF939440029CA7F /* PaddingLabel.swift in Sources */,
				986A787D2F96EA1600EAEBEC /* HomeViewController.swift in Sources */,
				9879F3C32FFFB8BB0039F2DF /* CardLanguageSettings.swift in Sources */,
				98CB31C12FE5F8AF0029CA7F /* CardCondition.swift in Sources */,
				98CB31832FDA04B60029CA7F /* SplashViewController.swift in Sources */,
				986A787C2F96EA0300EAEBEC /* CollectionViewController.swift in Sources */,
				98CB31782FD45F4C0029CA7F /* CardFilterViewController.swift in Sources */,
				986A78AF2F96EBEA00EAEBEC /* ScannerOverlayView.swift in Sources */,
				98CB31702FD1E7D40029CA7F /* CardSearchViewModel.swift in Sources */,
				98CB32472FFB9E580029CA7F /* DisplayFace.swift in Sources */,
				986A787B2F96E9FD00EAEBEC /* CardDetailViewController.swift in Sources */,
				982414E22FFD6B7100AB1C14 /* FeatureQueries.swift in Sources */,
				98CB32162FF9373F0029CA7F /* CollectionViewModel.swift in Sources */,
				98CB32672FFBCE490029CA7F /* CollectionViewController+Dashboard.swift in Sources */,
				98CB319C2FE311740029CA7F /* CardCaptureService.swift in Sources */,
				98CB31902FE171F40029CA7F /* VisionFeaturePrintService.swift in Sources */,
				98CB32122FF811240029CA7F /* CSVFormat.swift in Sources */,
				982414DD2FFD6B4B00AB1C14 /* BulkImportRepository.swift in Sources */,
				982414FA2FFD6EF900AB1C14 /* CardArtists.swift in Sources */,
				98CB31B92FE463380029CA7F /* AddCardOverlayView.swift in Sources */,
				98CB31722FD1E8740029CA7F /* CardSearchCell.swift in Sources */,
				98CB31C32FE5F91A0029CA7F /* SettingsCell.swift in Sources */,
				986A787A2F96E9FA00EAEBEC /* MTGCard.swift in Sources */,
				98CB32702FFC6B850029CA7F /* CardFilterEngine.swift in Sources */,
				98CB32082FF80E5D0029CA7F /* CSVExporter.swift in Sources */,
				982414D92FFD6B3100AB1C14 /* CardRepository.swift in Sources */,
				98CB31FB2FEAB6880029CA7F /* UIImageHelpers.swift in Sources */,
				98CB325B2FFBCE020029CA7F /* CollectionViewController+CollectionView.swift in Sources */,
				982414F22FFD6EE200AB1C14 /* CardSearch.swift in Sources */,
				98CB32412FF941140029CA7F /* CarDetailPrintingCell.swift in Sources */,
				982414CF2FFD6AE100AB1C14 /* DatabaseError.swift in Sources */,
				98CB325D2FFBCE0B0029CA7F /* CollectionViewController+Search.swift in Sources */,
				98CB318C2FDC5E0C0029CA7F /* FilterColorModeCell.swift in Sources */,
				9879F3B72FFEB32B0039F2DF /* ImageLoader.swift in Sources */,
				982414CD2FFD6ADB00AB1C14 /* DatabaseQueue.swift in Sources */,
				982414FC2FFD712B00AB1C14 /* SearchQueryBuilder.swift in Sources */,
				98CB316D2FD1875B0029CA7F /* SettingsViewController.swift in Sources */,
				9875E0DA2F96FB0F002929D0 /* SceneDelegate.swift in Sources */,
				98CB31BD2FE5F8A00029CA7F /* CollectionEntry.swift in Sources */,
				98CB318A2FDC5A6E0029CA7F /* FilterColorCell.swift in Sources */,
				98CB32102FF80E830029CA7F /* CSVImportResult.swift in Sources */,
				986A78792F96E9F700EAEBEC /* MainTabBarController.swift in Sources */,
				98CB31CD2FE6AEA00029CA7F /* RecentCard.swift in Sources */,
				98CB32612FFBCE220029CA7F /* CollectionViewController+ImportExport.swift in Sources */,
				98CB32752FFC746D0029CA7F /* SearchFilter.swift in Sources */,
				9879F3BC2FFF092D0039F2DF /* CurrencySettings.swift in Sources */,
				98CB32242FF9395A0029CA7F /* SetSymbolService.swift in Sources */,
				98CB32532FFBCDC70029CA7F /* CollectionEmptyStateView.swift in Sources */,
				98CB32142FF870730029CA7F /* CardLookupCache.swift in Sources */,
				98CB32432FFAA8940029CA7F /* CollectionDashboardView.swift in Sources */,
				9879F3BE2FFF093D0039F2DF /* ExchangeRateService.swift in Sources */,
				98CB32032FEC9DDD0029CA7F /* ActionCardView.swift in Sources */,
				986A78782F96E9F300EAEBEC /* AppDelegate.swift in Sources */,
			);
			runOnlyForDeploymentPostprocessing = 0;
		};
		9879F3952FFE91210039F2DF /* Sources */ = {
			isa = PBXSourcesBuildPhase;
			buildActionMask = 2147483647;
			files = (
			);
			runOnlyForDeploymentPostprocessing = 0;
		};
/* End PBXSourcesBuildPhase section */

/* Begin PBXTargetDependency section */
		9879F39E2FFE91210039F2DF /* PBXTargetDependency */ = {
			isa = PBXTargetDependency;
			target = 984A434E2F7F26D600640EE8 /* TcgScanner */;
			targetProxy = 9879F39D2FFE91210039F2DF /* PBXContainerItemProxy */;
		};
/* End PBXTargetDependency section */

/* Begin PBXVariantGroup section */
		986A78BB2F96EC5F00EAEBEC /* LaunchScreen.storyboard */ = {
			isa = PBXVariantGroup;
			children = (
				986A78BA2F96EC5F00EAEBEC /* LaunchScreen.storyboard */,
			);
			name = LaunchScreen.storyboard;
			sourceTree = "<group>";
		};
/* End PBXVariantGroup section */

/* Begin XCBuildConfiguration section */
		984A43632F7F26D800640EE8 /* Debug */ = {
			isa = XCBuildConfiguration;
			buildSettings = {
				ASSETCATALOG_COMPILER_APPICON_NAME = AppIcon;
				ASSETCATALOG_COMPILER_GLOBAL_ACCENT_COLOR_NAME = AccentColor;
				ASSETCATALOG_COMPILER_INCLUDE_ALL_APPICON_ASSETS = NO;
				CODE_SIGN_STYLE = Automatic;
				CURRENT_PROJECT_VERSION = 1;
				DEVELOPMENT_TEAM = 4A9NA3SLD6;
				GENERATE_INFOPLIST_FILE = YES;
				INFOPLIST_FILE = Resources/Info.plist;
				INFOPLIST_KEY_LSApplicationCategoryType = "public.app-category.utilities";
				INFOPLIST_KEY_NSCameraUsageDescription = "TcgScanner needs camera access to scan and identify Magic: The Gathering cards.";
				INFOPLIST_KEY_UIApplicationSupportsIndirectInputEvents = YES;
				INFOPLIST_KEY_UILaunchStoryboardName = LaunchScreen;
				INFOPLIST_KEY_UIStatusBarStyle = "";
				INFOPLIST_KEY_UISupportedInterfaceOrientations = UIInterfaceOrientationPortrait;
				INFOPLIST_KEY_UISupportedInterfaceOrientations_iPad = "UIInterfaceOrientationPortrait UIInterfaceOrientationPortraitUpsideDown UIInterfaceOrientationLandscapeLeft UIInterfaceOrientationLandscapeRight";
				INFOPLIST_KEY_UISupportedInterfaceOrientations_iPhone = "UIInterfaceOrientationPortrait UIInterfaceOrientationLandscapeLeft UIInterfaceOrientationLandscapeRight";
				IPHONEOS_DEPLOYMENT_TARGET = 26.0;
				LD_RUNPATH_SEARCH_PATHS = (
					"$(inherited)",
					"@executable_path/Frameworks",
				);
				MARKETING_VERSION = 1.0;
				PRODUCT_BUNDLE_IDENTIFIER = jjames99.TcgScanner;
				PRODUCT_NAME = "$(TARGET_NAME)";
				SWIFT_EMIT_LOC_STRINGS = YES;
				SWIFT_VERSION = 5.0;
				TARGETED_DEVICE_FAMILY = "1,2";
			};
			name = Debug;
		};
		984A43642F7F26D800640EE8 /* Release */ = {
			isa = XCBuildConfiguration;
			buildSettings = {
				ASSETCATALOG_COMPILER_APPICON_NAME = AppIcon;
				ASSETCATALOG_COMPILER_GLOBAL_ACCENT_COLOR_NAME = AccentColor;
				ASSETCATALOG_COMPILER_INCLUDE_ALL_APPICON_ASSETS = NO;
				CODE_SIGN_STYLE = Automatic;
				CURRENT_PROJECT_VERSION = 1;
				DEVELOPMENT_TEAM = 4A9NA3SLD6;
				GENERATE_INFOPLIST_FILE = YES;
				INFOPLIST_FILE = Resources/Info.plist;
				INFOPLIST_KEY_LSApplicationCategoryType = "public.app-category.utilities";
				INFOPLIST_KEY_NSCameraUsageDescription = "TcgScanner needs camera access to scan and identify Magic: The Gathering cards.";
				INFOPLIST_KEY_UIApplicationSupportsIndirectInputEvents = YES;
				INFOPLIST_KEY_UILaunchStoryboardName = LaunchScreen;
				INFOPLIST_KEY_UIStatusBarStyle = "";
				INFOPLIST_KEY_UISupportedInterfaceOrientations = UIInterfaceOrientationPortrait;
				INFOPLIST_KEY_UISupportedInterfaceOrientations_iPad = "UIInterfaceOrientationPortrait UIInterfaceOrientationPortraitUpsideDown UIInterfaceOrientationLandscapeLeft UIInterfaceOrientationLandscapeRight";
				INFOPLIST_KEY_UISupportedInterfaceOrientations_iPhone = "UIInterfaceOrientationPortrait UIInterfaceOrientationLandscapeLeft UIInterfaceOrientationLandscapeRight";
				IPHONEOS_DEPLOYMENT_TARGET = 26.0;
				LD_RUNPATH_SEARCH_PATHS = (
					"$(inherited)",
					"@executable_path/Frameworks",
				);
				MARKETING_VERSION = 1.0;
				PRODUCT_BUNDLE_IDENTIFIER = jjames99.TcgScanner;
				PRODUCT_NAME = "$(TARGET_NAME)";
				SWIFT_EMIT_LOC_STRINGS = YES;
				SWIFT_VERSION = 5.0;
				TARGETED_DEVICE_FAMILY = "1,2";
			};
			name = Release;
		};
		984A43652F7F26D800640EE8 /* Debug */ = {
			isa = XCBuildConfiguration;
			buildSettings = {
				ALWAYS_SEARCH_USER_PATHS = NO;
				ASSETCATALOG_COMPILER_GENERATE_SWIFT_ASSET_SYMBOL_EXTENSIONS = YES;
				CLANG_ANALYZER_NONNULL = YES;
				CLANG_ANALYZER_NUMBER_OBJECT_CONVERSION = YES_AGGRESSIVE;
				CLANG_CXX_LANGUAGE_STANDARD = "gnu++20";
				CLANG_ENABLE_MODULES = YES;
				CLANG_ENABLE_OBJC_ARC = YES;
				CLANG_ENABLE_OBJC_WEAK = YES;
				CLANG_WARN_BLOCK_CAPTURE_AUTORELEASING = YES;
				CLANG_WARN_BOOL_CONVERSION = YES;
				CLANG_WARN_COMMA = YES;
				CLANG_WARN_CONSTANT_CONVERSION = YES;
				CLANG_WARN_DEPRECATED_OBJC_IMPLEMENTATIONS = YES;
				CLANG_WARN_DIRECT_OBJC_ISA_USAGE = YES_ERROR;
				CLANG_WARN_DOCUMENTATION_COMMENTS = YES;
				CLANG_WARN_EMPTY_BODY = YES;
				CLANG_WARN_ENUM_CONVERSION = YES;
				CLANG_WARN_INFINITE_RECURSION = YES;
				CLANG_WARN_INT_CONVERSION = YES;
				CLANG_WARN_NON_LITERAL_NULL_CONVERSION = YES;
				CLANG_WARN_OBJC_IMPLICIT_RETAIN_SELF = YES;
				CLANG_WARN_OBJC_LITERAL_CONVERSION = YES;
				CLANG_WARN_OBJC_ROOT_CLASS = YES_ERROR;
				CLANG_WARN_QUOTED_INCLUDE_IN_FRAMEWORK_HEADER = YES;
				CLANG_WARN_RANGE_LOOP_ANALYSIS = YES;
				CLANG_WARN_STRICT_PROTOTYPES = YES;
				CLANG_WARN_SUSPICIOUS_MOVE = YES;
				CLANG_WARN_UNGUARDED_AVAILABILITY = YES_AGGRESSIVE;
				CLANG_WARN_UNREACHABLE_CODE = YES;
				CLANG_WARN__DUPLICATE_METHOD_MATCH = YES;
				COPY_PHASE_STRIP = NO;
				DEBUG_INFORMATION_FORMAT = dwarf;
				ENABLE_STRICT_OBJC_MSGSEND = YES;
				ENABLE_TESTABILITY = YES;
				ENABLE_USER_SCRIPT_SANDBOXING = YES;
				GCC_C_LANGUAGE_STANDARD = gnu17;
				GCC_DYNAMIC_NO_PIC = NO;
				GCC_NO_COMMON_BLOCKS = YES;
				GCC_OPTIMIZATION_LEVEL = 0;
				GCC_PREPROCESSOR_DEFINITIONS = (
					"DEBUG=1",
					"$(inherited)",
				);
				GCC_WARN_64_TO_32_BIT_CONVERSION = YES;
				GCC_WARN_ABOUT_RETURN_TYPE = YES_ERROR;
				GCC_WARN_UNDECLARED_SELECTOR = YES;
				GCC_WARN_UNINITIALIZED_AUTOS = YES_AGGRESSIVE;
				GCC_WARN_UNUSED_FUNCTION = YES;
				GCC_WARN_UNUSED_VARIABLE = YES;
				IPHONEOS_DEPLOYMENT_TARGET = 18.0;
				LOCALIZATION_PREFERS_STRING_CATALOGS = YES;
				MTL_ENABLE_DEBUG_INFO = INCLUDE_SOURCE;
				MTL_FAST_MATH = YES;
				ONLY_ACTIVE_ARCH = YES;
				SDKROOT = iphoneos;
				SWIFT_ACTIVE_COMPILATION_CONDITIONS = "DEBUG $(inherited)";
				SWIFT_OPTIMIZATION_LEVEL = "-Onone";
			};
			name = Debug;
		};
		984A43662F7F26D800640EE8 /* Release */ = {
			isa = XCBuildConfiguration;
			buildSettings = {
				ALWAYS_SEARCH_USER_PATHS = NO;
				ASSETCATALOG_COMPILER_GENERATE_SWIFT_ASSET_SYMBOL_EXTENSIONS = YES;
				CLANG_ANALYZER_NONNULL = YES;
				CLANG_ANALYZER_NUMBER_OBJECT_CONVERSION = YES_AGGRESSIVE;
				CLANG_CXX_LANGUAGE_STANDARD = "gnu++20";
				CLANG_ENABLE_MODULES = YES;
				CLANG_ENABLE_OBJC_ARC = YES;
				CLANG_ENABLE_OBJC_WEAK = YES;
				CLANG_WARN_BLOCK_CAPTURE_AUTORELEASING = YES;
				CLANG_WARN_BOOL_CONVERSION = YES;
				CLANG_WARN_COMMA = YES;
				CLANG_WARN_CONSTANT_CONVERSION = YES;
				CLANG_WARN_DEPRECATED_OBJC_IMPLEMENTATIONS = YES;
				CLANG_WARN_DIRECT_OBJC_ISA_USAGE = YES_ERROR;
				CLANG_WARN_DOCUMENTATION_COMMENTS = YES;
				CLANG_WARN_EMPTY_BODY = YES;
				CLANG_WARN_ENUM_CONVERSION = YES;
				CLANG_WARN_INFINITE_RECURSION = YES;
				CLANG_WARN_INT_CONVERSION = YES;
				CLANG_WARN_NON_LITERAL_NULL_CONVERSION = YES;
				CLANG_WARN_OBJC_IMPLICIT_RETAIN_SELF = YES;
				CLANG_WARN_OBJC_LITERAL_CONVERSION = YES;
				CLANG_WARN_OBJC_ROOT_CLASS = YES_ERROR;
				CLANG_WARN_QUOTED_INCLUDE_IN_FRAMEWORK_HEADER = YES;
				CLANG_WARN_RANGE_LOOP_ANALYSIS = YES;
				CLANG_WARN_STRICT_PROTOTYPES = YES;
				CLANG_WARN_SUSPICIOUS_MOVE = YES;
				CLANG_WARN_UNGUARDED_AVAILABILITY = YES_AGGRESSIVE;
				CLANG_WARN_UNREACHABLE_CODE = YES;
				CLANG_WARN__DUPLICATE_METHOD_MATCH = YES;
				COPY_PHASE_STRIP = NO;
				DEBUG_INFORMATION_FORMAT = "dwarf-with-dsym";
				ENABLE_NS_ASSERTIONS = NO;
				ENABLE_STRICT_OBJC_MSGSEND = YES;
				ENABLE_USER_SCRIPT_SANDBOXING = YES;
				GCC_C_LANGUAGE_STANDARD = gnu17;
				GCC_NO_COMMON_BLOCKS = YES;
				GCC_WARN_64_TO_32_BIT_CONVERSION = YES;
				GCC_WARN_ABOUT_RETURN_TYPE = YES_ERROR;
				GCC_WARN_UNDECLARED_SELECTOR = YES;
				GCC_WARN_UNINITIALIZED_AUTOS = YES_AGGRESSIVE;
				GCC_WARN_UNUSED_FUNCTION = YES;
				GCC_WARN_UNUSED_VARIABLE = YES;
				IPHONEOS_DEPLOYMENT_TARGET = 18.0;
				LOCALIZATION_PREFERS_STRING_CATALOGS = YES;
				MTL_ENABLE_DEBUG_INFO = NO;
				MTL_FAST_MATH = YES;
				SDKROOT = iphoneos;
				SWIFT_COMPILATION_MODE = wholemodule;
				VALIDATE_PRODUCT = YES;
			};
			name = Release;
		};
		9879F3A02FFE91210039F2DF /* Debug */ = {
			isa = XCBuildConfiguration;
			buildSettings = {
				BUNDLE_LOADER = "$(TEST_HOST)";
				CODE_SIGN_STYLE = Automatic;
				CURRENT_PROJECT_VERSION = 1;
				DEVELOPMENT_TEAM = YK52SQ38S6;
				GENERATE_INFOPLIST_FILE = YES;
				IPHONEOS_DEPLOYMENT_TARGET = 26.5;
				MARKETING_VERSION = 1.0;
				PRODUCT_BUNDLE_IDENTIFIER = jjames99.TcgScannerUnitTests;
				PRODUCT_NAME = "$(TARGET_NAME)";
				STRING_CATALOG_GENERATE_SYMBOLS = NO;
				SWIFT_APPROACHABLE_CONCURRENCY = YES;
				SWIFT_EMIT_LOC_STRINGS = NO;
				SWIFT_UPCOMING_FEATURE_MEMBER_IMPORT_VISIBILITY = YES;
				SWIFT_VERSION = 5.0;
				TARGETED_DEVICE_FAMILY = "1,2";
				TEST_HOST = "$(BUILT_PRODUCTS_DIR)/TcgScanner.app/$(BUNDLE_EXECUTABLE_FOLDER_PATH)/TcgScanner";
			};
			name = Debug;
		};
		9879F3A12FFE91210039F2DF /* Release */ = {
			isa = XCBuildConfiguration;
			buildSettings = {
				BUNDLE_LOADER = "$(TEST_HOST)";
				CODE_SIGN_STYLE = Automatic;
				CURRENT_PROJECT_VERSION = 1;
				DEVELOPMENT_TEAM = YK52SQ38S6;
				GENERATE_INFOPLIST_FILE = YES;
				IPHONEOS_DEPLOYMENT_TARGET = 26.5;
				MARKETING_VERSION = 1.0;
				PRODUCT_BUNDLE_IDENTIFIER = jjames99.TcgScannerUnitTests;
				PRODUCT_NAME = "$(TARGET_NAME)";
				STRING_CATALOG_GENERATE_SYMBOLS = NO;
				SWIFT_APPROACHABLE_CONCURRENCY = YES;
				SWIFT_EMIT_LOC_STRINGS = NO;
				SWIFT_UPCOMING_FEATURE_MEMBER_IMPORT_VISIBILITY = YES;
				SWIFT_VERSION = 5.0;
				TARGETED_DEVICE_FAMILY = "1,2";
				TEST_HOST = "$(BUILT_PRODUCTS_DIR)/TcgScanner.app/$(BUNDLE_EXECUTABLE_FOLDER_PATH)/TcgScanner";
			};
			name = Release;
		};
/* End XCBuildConfiguration section */

/* Begin XCConfigurationList section */
		984A434A2F7F26D600640EE8 /* Build configuration list for PBXProject "TcgScanner" */ = {
			isa = XCConfigurationList;
			buildConfigurations = (
				984A43652F7F26D800640EE8 /* Debug */,
				984A43662F7F26D800640EE8 /* Release */,
			);
			defaultConfigurationIsVisible = 0;
			defaultConfigurationName = Release;
		};
		984A43622F7F26D800640EE8 /* Build configuration list for PBXNativeTarget "TcgScanner" */ = {
			isa = XCConfigurationList;
			buildConfigurations = (
				984A43632F7F26D800640EE8 /* Debug */,
				984A43642F7F26D800640EE8 /* Release */,
			);
			defaultConfigurationIsVisible = 0;
			defaultConfigurationName = Release;
		};
		9879F39F2FFE91210039F2DF /* Build configuration list for PBXNativeTarget "TcgScannerUnitTests" */ = {
			isa = XCConfigurationList;
			buildConfigurations = (
				9879F3A02FFE91210039F2DF /* Debug */,
				9879F3A12FFE91210039F2DF /* Release */,
			);
			defaultConfigurationIsVisible = 0;
			defaultConfigurationName = Release;
		};
/* End XCConfigurationList section */
	};
	rootObject = 984A43472F7F26D600640EE8 /* Project object */;
}
